// !$*UTF8*$!
{
	archiveVersion = 1;
	classes = {
	};
	objectVersion = 46;
	objects = {

/* Begin PBXBuildFile section */
		EA8236951C1EE7850042AD5C /* main.m in Sources */ = {isa = PBXBuildFile; fileRef = EA8236941C1EE7850042AD5C /* main.m */; };
		EA8236981C1EE7850042AD5C /* AppDelegate.m in Sources */ = {isa = PBXBuildFile; fileRef = EA8236971C1EE7850042AD5C /* AppDelegate.m */; };
		EA82369B1C1EE7850042AD5C /* ViewController.m in Sources */ = {isa = PBXBuildFile; fileRef = EA82369A1C1EE7850042AD5C /* ViewController.m */; };
		EA82369E1C1EE7850042AD5C /* Main.storyboard in Resources */ = {isa = PBXBuildFile; fileRef = EA82369C1C1EE7850042AD5C /* Main.storyboard */; };
		EA8236A01C1EE7850042AD5C /* Assets.xcassets in Resources */ = {isa = PBXBuildFile; fileRef = EA82369F1C1EE7850042AD5C /* Assets.xcassets */; };
		EA8236A31C1EE7850042AD5C /* LaunchScreen.storyboard in Resources */ = {isa = PBXBuildFile; fileRef = EA8236A11C1EE7850042AD5C /* LaunchScreen.storyboard */; };
/* End PBXBuildFile section */

/* Begin PBXFileReference section */
		EA8236901C1EE7850042AD5C /* DatePickerSample.app */ = {isa = PBXFileReference; explicitFileType = wrapper.application; includeInIndex = 0; path = DatePickerSample.app; sourceTree = BUILT_PRODUCTS_DIR; };
		EA8236941C1EE7850042AD5C /* main.m */ = {isa = PBXFileReference; lastKnownFileType = sourcecode.c.objc; path = main.m; sourceTree = "<group>"; };
		EA8236961C1EE7850042AD5C /* AppDelegate.h */ = {isa = PBXFileReference; lastKnownFileType = sourcecode.c.h; path = AppDelegate.h; sourceTree = "<group>"; };
		EA8236971C1EE7850042AD5C /* AppDelegate.m */ = {isa = PBXFileReference; lastKnownFileType = sourcecode.c.objc; path = AppDelegate.m; sourceTree = "<group>"; };
		EA8236991C1EE7850042AD5C /* ViewController.h */ = {isa = PBXFileReference; lastKnownFileType = sourcecode.c.h; path = ViewController.h; sourceTree = "<group>"; };
		EA82369A1C1EE7850042AD5C /* ViewController.m */ = {isa = PBXFileReference; lastKnownFileType = sourcecode.c.objc; path = ViewController.m; sourceTree = "<group>"; };
		EA82369D1C1EE7850042AD5C /* Base */ = {isa = PBXFileReference; lastKnownFileType = file.storyboard; name = Base; path = Base.lproj/Main.storyboard; sourceTree = "<group>"; };
		EA82369F1C1EE7850042AD5C /* Assets.xcassets */ = {isa = PBXFileReference; lastKnownFileType = folder.assetcatalog; path = Assets.xcassets; sourceTree = "<group>"; };
		EA8236A21C1EE7850042AD5C /* Base */ = {isa = PBXFileReference; lastKnownFileType = file.storyboard; name = Base; path = Base.lproj/LaunchScreen.storyboard; sourceTree = "<group>"; };
		EA8236A41C1EE7850042AD5C /* Info.plist */ = {isa = PBXFileReference; lastKnownFileType = text.plist.xml; path = Info.plist; sourceTree = "<group>"; };
/* End PBXFileReference section */

/* Begin PBXFrameworksBuildPhase section */
		EA82368D1C1EE7850042AD5C /* Frameworks */ = {
			isa = PBXFrameworksBuildPhase;
			buildActionMask = 2147483647;
			files = (
			);
			runOnlyForDeploymentPostprocessing = 0;
		};
/* End PBXFrameworksBuildPhase section */

/* Begin PBXGroup section */
		EA8236871C1EE7850042AD5C = {
			isa = PBXGroup;
			children = (
				EA8236921C1EE7850042AD5C /* DatePickerSample */,
				EA8236911C1EE7850042AD5C /* Products */,
			);
			sourceTree = "<group>";
		};
		EA8236911C1EE7850042AD5C /* Products */ = {
			isa = PBXGroup;
			children = (
				EA8236901C1EE7850042AD5C /* DatePickerSample.app */,
			);
			name = Products;
			sourceTree = "<group>";
		};
		EA8236921C1EE7850042AD5C /* DatePickerSample */ = {
			isa = PBXGroup;
			children = (
				EA8236961C1EE7850042AD5C /* AppDelegate.h */,
				EA8236971C1EE7850042AD5C /* AppDelegate.m */,
				EA8236991C1EE7850042AD5C /* ViewController.h */,
				EA82369A1C1EE7850042AD5C /* ViewController.m */,
				EA82369C1C1EE7850042AD5C /* Main.storyboard */,
				EA82369F1C1EE7850042AD5C /* Assets.xcassets */,
				EA8236A11C1EE7850042AD5C /* LaunchScreen.storyboard */,
				EA8236A41C1EE7850042AD5C /* Info.plist */,
				EA8236931C1EE7850042AD5C /* Supporting Files */,
			);
			path = DatePickerSample;
			sourceTree = "<group>";
		};
		EA8236931C1EE7850042AD5C /* Supporting Files */ = {
			isa = PBXGroup;
			children = (
				EA8236941C1EE7850042AD5C /* main.m */,
			);
			name = "Supporting Files";
			sourceTree = "<group>";
		};
/* End PBXGroup section */

/* Begin PBXNativeTarget section */
		EA82368F1C1EE7850042AD5C /* DatePickerSample */ = {
			isa = PBXNativeTarget;
			buildConfigurationList = EA8236A71C1EE7850042AD5C /* Build configuration list for PBXNativeTarget "DatePickerSample" */;
			buildPhases = (
				EA82368C1C1EE7850042AD5C /* Sources */,
				EA82368D1C1EE7850042AD5C /* Frameworks */,
				EA82368E1C1EE7850042AD5C /* Resources */,
			);
			buildRules = (
			);
			dependencies = (
			);
			name = DatePickerSample;
			productName = DatePickerSample;
			productReference = EA8236901C1EE7850042AD5C /* DatePickerSample.app */;
			productType = "com.apple.product-type.application";
		};
/* End PBXNativeTarget section */

/* Begin PBXProject section */
		EA8236881C1EE7850042AD5C /* Project object */ = {
			isa = PBXProject;
			attributes = {
				LastUpgradeCheck = 0720;
				ORGANIZATIONNAME = tony;
				TargetAttributes = {
					EA82368F1C1EE7850042AD5C = {
						CreatedOnToolsVersion = 7.2;
					};
				};
			};
			buildConfigurationList = EA82368B1C1EE7850042AD5C /* Build configuration list for PBXProject "DatePickerSample" */;
			compatibilityVersion = "Xcode 3.2";
			developmentRegion = English;
			hasScannedForEncodings = 0;
			knownRegions = (
				en,
				Base,
			);
			mainGroup = EA8236871C1EE7850042AD5C;
			productRefGroup = EA8236911C1EE7850042AD5C /* Products */;
			projectDirPath = "";
			projectRoot = "";
			targets = (
				EA82368F1C1EE7850042AD5C /* DatePickerSample */,
			);
		};
/* End PBXProject section */

/* Begin PBXResourcesBuildPhase section */
		EA82368E1C1EE7850042AD5C /* Resources */ = {
			isa = PBXResourcesBuildPhase;
			buildActionMask = 2147483647;
			files = (
				EA8236A31C1EE7850042AD5C /* LaunchScreen.storyboard in Resources */,
				EA8236A01C1EE7850042AD5C /* Assets.xcassets in Resources */,
				EA82369E1C1EE7850042AD5C /* Main.storyboard in Resources */,
			);
			runOnlyForDeploymentPostprocessing = 0;
		};
/* End PBXResourcesBuildPhase section */

/* Begin PBXSourcesBuildPhase section */
		EA82368C1C1EE7850042AD5C /* Sources */ = {
			isa = PBXSourcesBuildPhase;
			buildActionMask = 2147483647;
			files = (
				EA82369B1C1EE7850042AD5C /* ViewController.m in Sources */,
				EA8236981C1EE7850042AD5C /* AppDelegate.m in Sources */,
				EA8236951C1EE7850042AD5C /* main.m in Sources */,
			);
			runOnlyForDeploymentPostprocessing = 0;
		};
/* End PBXSourcesBuildPhase section */

/* Begin PBXVariantGroup section */
		EA82369C1C1EE7850042AD5C /* Main.storyboard */ = {
			isa = PBXVariantGroup;
			children = (
				EA82369D1C1EE7850042AD5C /* Base */,
			);
			name = Main.storyboard;
			sourceTree = "<group>";
		};
		EA8236A11C1EE7850042AD5C /* LaunchScreen.storyboard */ = {
			isa = PBXVariantGroup;
			children = (
				EA8236A21C1EE7850042AD5C /* Base */,
			);
			name = LaunchScreen.storyboard;
			sourceTree = "<group>";
		};
/* End PBXVariantGroup section */

/* Begin XCBuildConfiguration section */
		EA8236A51C1EE7850042AD5C /* Debug */ = {
			isa = XCBuildConfiguration;
			buildSettings = {
				ALWAYS_SEARCH_USER_PATHS = NO;
				CLANG_CXX_LANGUAGE_STANDARD = "gnu++0x";
				CLANG_CXX_LIBRARY = "libc++";
				CLANG_ENABLE_MODULES = YES;
				CLANG_ENABLE_OBJC_ARC = YES;
				CLANG_WARN_BOOL_CONVERSION = YES;
				CLANG_WARN_CONSTANT_CONVERSION = YES;
				CLANG_WARN_DIRECT_OBJC_ISA_USAGE = YES_ERROR;
				CLANG_WARN_EMPTY_BODY = YES;
				CLANG_WARN_ENUM_CONVERSION = YES;
				CLANG_WARN_INT_CONVERSION = YES;
				CLANG_WARN_OBJC_ROOT_CLASS = YES_ERROR;
				CLANG_WARN_UNREACHABLE_CODE = YES;
				CLANG_WARN__DUPLICATE_METHOD_MATCH = YES;
				"CODE_SIGN_IDENTITY[sdk=iphoneos*]" = "iPhone Developer";
				COPY_PHASE_STRIP = NO;
				DEBUG_INFORMATION_FORMAT = dwarf;
				ENABLE_STRICT_OBJC_MSGSEND = YES;
				ENABLE_TESTABILITY = YES;
				GCC_C_LANGUAGE_STANDARD = gnu99;
				GCC_DYNAMIC_NO_PIC = NO;
				GCC_NO_COMMON_BLOCKS = YES;
				GCC_OPTIMIZATION_LEVEL = 0;
				GCC_PREPROCESSOR_DEFINITIONS = (
					"DEBUG=1",
					"$(inherited)",
				);
				GCC_WARN_64_TO_32_BIT_CONVERSION = YES;
				GCC_WARN_ABOUT_RETURN_TYPE = YES_ERROR;
				GCC_WARN_UNDECLARED_SELECTOR = YES;
				GCC_WARN_UNINITIALIZED_AUTOS = YES_AGGRESSIVE;
				GCC_WARN_UNUSED_FUNCTION = YES;
				GCC_WARN_UNUSED_VARIABLE = YES;
				IPHONEOS_DEPLOYMENT_TARGET = 9.2;
				MTL_ENABLE_DEBUG_INFO = YES;
				ONLY_ACTIVE_ARCH = YES;
				SDKROOT = iphoneos;
			};
			name = Debug;
		};
		EA8236A61C1EE7850042AD5C /* Release */ = {
			isa = XCBuildConfiguration;
			buildSettings = {
				ALWAYS_SEARCH_USER_PATHS = NO;
				CLANG_CXX_LANGUAGE_STANDARD = "gnu++0x";
				CLANG_CXX_LIBRARY = "libc++";
				CLANG_ENABLE_MODULES = YES;
				CLANG_ENABLE_OBJC_ARC = YES;
				CLANG_WARN_BOOL_CONVERSION = YES;
				CLANG_WARN_CONSTANT_CONVERSION = YES;
				CLANG_WARN_DIRECT_OBJC_ISA_USAGE = YES_ERROR;
				CLANG_WARN_EMPTY_BODY = YES;
				CLANG_WARN_ENUM_CONVERSION = YES;
				CLANG_WARN_INT_CONVERSION = YES;
				CLANG_WARN_OBJC_ROOT_CLASS = YES_ERROR;
				CLANG_WARN_UNREACHABLE_CODE = YES;
				CLANG_WARN__DUPLICATE_METHOD_MATCH = YES;
				"CODE_SIGN_IDENTITY[sdk=iphoneos*]" = "iPhone Developer";
				COPY_PHASE_STRIP = NO;
				DEBUG_INFORMATION_FORMAT = "dwarf-with-dsym";
				ENABLE_NS_ASSERTIONS = NO;
				ENABLE_STRICT_OBJC_MSGSEND = YES;
				GCC_C_LANGUAGE_STANDARD = gnu99;
				GCC_NO_COMMON_BLOCKS = YES;
				GCC_WARN_64_TO_32_BIT_CONVERSION = YES;
				GCC_WARN_ABOUT_RETURN_TYPE = YES_ERROR;
				GCC_WARN_UNDECLARED_SELECTOR = YES;
				GCC_WARN_UNINITIALIZED_AUTOS = YES_AGGRESSIVE;
				GCC_WARN_UNUSED_FUNCTION = YES;
				GCC_WARN_UNUSED_VARIABLE = YES;
				IPHONEOS_DEPLOYMENT_TARGET = 9.2;
				MTL_ENABLE_DEBUG_INFO = NO;
				SDKROOT = iphoneos;
				VALIDATE_PRODUCT = YES;
			};
			name = Release;
		};
		EA8236A81C1EE7850042AD5C /* Debug */ = {
			isa = XCBuildConfiguration;
			buildSettings = {
				ASSETCATALOG_COMPILER_APPICON_NAME = AppIcon;
				INFOPLIST_FILE = DatePickerSample/Info.plist;
				LD_RUNPATH_SEARCH_PATHS = "$(inherited) @executable_path/Frameworks";
				PRODUCT_BUNDLE_IDENTIFIER = com.51work6.DatePickerSample;
				PRODUCT_NAME = "$(TARGET_NAME)";
				TARGETED_DEVICE_FAMILY = 1;
			};
			name = Debug;
		};
		EA8236A91C1EE7850042AD5C /* Release */ = {
			isa = XCBuildConfiguration;
			buildSettings = {
				ASSETCATALOG_COMPILER_APPICON_NAME = AppIcon;
				INFOPLIST_FILE = DatePickerSample/Info.plist;
				LD_RUNPATH_SEARCH_PATHS = "$(inherited) @executable_path/Frameworks";
				PRODUCT_BUNDLE_IDENTIFIER = com.51work6.DatePickerSample;
				PRODUCT_NAME = "$(TARGET_NAME)";
				TARGETED_DEVICE_FAMILY = 1;
			};
			name = Release;
		};
/* End XCBuildConfiguration section */

/* Begin XCConfigurationList section */
		EA82368B1C1EE7850042AD5C /* Build configuration list for PBXProject "DatePickerSample" */ = {
			isa = XCConfigurationList;
			buildConfigurations = (
				EA8236A51C1EE7850042AD5C /* Debug */,
				EA8236A61C1EE7850042AD5C /* Release */,
			);
			defaultConfigurationIsVisible = 0;
			defaultConfigurationName = Release;
		};
		EA8236A71C1EE7850042AD5C /* Build configuration list for PBXNativeTarget "DatePickerSample" */ = {
			isa = XCConfigurationList;
			buildConfigurations = (
				EA8236A81C1EE7850042AD5C /* Debug */,
				EA8236A91C1EE7850042AD5C /* Release */,
			);
			defaultConfigurationIsVisible = 0;
			defaultConfigurationName = Release;
		};
/* End XCConfigurationList section */
	};
	rootObject = EA8236881C1EE7850042AD5C /* Project object */;
}
