// !$*UTF8*$!
{
	archiveVersion = 1;
	classes = {
	};
	objectVersion = 46;
	objects = {

/* Begin PBXBuildFile section */
		43F6E9F01A0725A800262AC6 /* AppDelegate.swift in Sources */ = {isa = PBXBuildFile; fileRef = 43F6E9EF1A0725A800262AC6 /* AppDelegate.swift */; };
		43F6E9F21A0725A800262AC6 /* MainViewController.swift in Sources */ = {isa = PBXBuildFile; fileRef = 43F6E9F11A0725A800262AC6 /* MainViewController.swift */; };
		43F6E9F51A0725A800262AC6 /* Main.storyboard in Resources */ = {isa = PBXBuildFile; fileRef = 43F6E9F31A0725A800262AC6 /* Main.storyboard */; };
		43F6E9F71A0725A800262AC6 /* Images.xcassets in Resources */ = {isa = PBXBuildFile; fileRef = 43F6E9F61A0725A800262AC6 /* Images.xcassets */; };
		43F6E9FA1A0725A800262AC6 /* LaunchScreen.xib in Resources */ = {isa = PBXBuildFile; fileRef = 43F6E9F81A0725A800262AC6 /* LaunchScreen.xib */; };
		43F6EA101A0727A200262AC6 /* FlipsideViewController.swift in Sources */ = {isa = PBXBuildFile; fileRef = 43F6EA0F1A0727A200262AC6 /* FlipsideViewController.swift */; };
/* End PBXBuildFile section */

/* Begin PBXFileReference section */
		43F6E9EA1A0725A800262AC6 /* StroyboardLazyLoadNotSegueDemo.app */ = {isa = PBXFileReference; explicitFileType = wrapper.application; includeInIndex = 0; path = StroyboardLazyLoadNotSegueDemo.app; sourceTree = BUILT_PRODUCTS_DIR; };
		43F6E9EE1A0725A800262AC6 /* Info.plist */ = {isa = PBXFileReference; lastKnownFileType = text.plist.xml; path = Info.plist; sourceTree = "<group>"; };
		43F6E9EF1A0725A800262AC6 /* AppDelegate.swift */ = {isa = PBXFileReference; lastKnownFileType = sourcecode.swift; path = AppDelegate.swift; sourceTree = "<group>"; };
		43F6E9F11A0725A800262AC6 /* MainViewController.swift */ = {isa = PBXFileReference; lastKnownFileType = sourcecode.swift; path = MainViewController.swift; sourceTree = "<group>"; };
		43F6E9F41A0725A800262AC6 /* Base */ = {isa = PBXFileReference; lastKnownFileType = file.storyboard; name = Base; path = Base.lproj/Main.storyboard; sourceTree = "<group>"; };
		43F6E9F61A0725A800262AC6 /* Images.xcassets */ = {isa = PBXFileReference; lastKnownFileType = folder.assetcatalog; path = Images.xcassets; sourceTree = "<group>"; };
		43F6E9F91A0725A800262AC6 /* Base */ = {isa = PBXFileReference; lastKnownFileType = file.xib; name = Base; path = Base.lproj/LaunchScreen.xib; sourceTree = "<group>"; };
		43F6EA0F1A0727A200262AC6 /* FlipsideViewController.swift */ = {isa = PBXFileReference; fileEncoding = 4; lastKnownFileType = sourcecode.swift; path = FlipsideViewController.swift; sourceTree = "<group>"; };
/* End PBXFileReference section */

/* Begin PBXFrameworksBuildPhase section */
		43F6E9E71A0725A800262AC6 /* Frameworks */ = {
			isa = PBXFrameworksBuildPhase;
			buildActionMask = 2147483647;
			files = (
			);
			runOnlyForDeploymentPostprocessing = 0;
		};
/* End PBXFrameworksBuildPhase section */

/* Begin PBXGroup section */
		43F6E9E11A0725A800262AC6 = {
			isa = PBXGroup;
			children = (
				43F6E9EC1A0725A800262AC6 /* StroyboardLazyLoadNotSegueDemo */,
				43F6E9EB1A0725A800262AC6 /* Products */,
			);
			sourceTree = "<group>";
		};
		43F6E9EB1A0725A800262AC6 /* Products */ = {
			isa = PBXGroup;
			children = (
				43F6E9EA1A0725A800262AC6 /* StroyboardLazyLoadNotSegueDemo.app */,
			);
			name = Products;
			sourceTree = "<group>";
		};
		43F6E9EC1A0725A800262AC6 /* StroyboardLazyLoadNotSegueDemo */ = {
			isa = PBXGroup;
			children = (
				43F6E9EF1A0725A800262AC6 /* AppDelegate.swift */,
				43F6E9F11A0725A800262AC6 /* MainViewController.swift */,
				43F6EA0F1A0727A200262AC6 /* FlipsideViewController.swift */,
				43F6E9F31A0725A800262AC6 /* Main.storyboard */,
				43F6E9F61A0725A800262AC6 /* Images.xcassets */,
				43F6E9F81A0725A800262AC6 /* LaunchScreen.xib */,
				43F6E9ED1A0725A800262AC6 /* Supporting Files */,
			);
			name = StroyboardLazyLoadNotSegueDemo;
			path = StoryboardLazyLoadDemo;
			sourceTree = "<group>";
		};
		43F6E9ED1A0725A800262AC6 /* Supporting Files */ = {
			isa = PBXGroup;
			children = (
				43F6E9EE1A0725A800262AC6 /* Info.plist */,
			);
			name = "Supporting Files";
			sourceTree = "<group>";
		};
/* End PBXGroup section */

/* Begin PBXNativeTarget section */
		43F6E9E91A0725A800262AC6 /* StroyboardLazyLoadNotSegueDemo */ = {
			isa = PBXNativeTarget;
			buildConfigurationList = 43F6EA091A0725A800262AC6 /* Build configuration list for PBXNativeTarget "StroyboardLazyLoadNotSegueDemo" */;
			buildPhases = (
				43F6E9E61A0725A800262AC6 /* Sources */,
				43F6E9E71A0725A800262AC6 /* Frameworks */,
				43F6E9E81A0725A800262AC6 /* Resources */,
			);
			buildRules = (
			);
			dependencies = (
			);
			name = StroyboardLazyLoadNotSegueDemo;
			productName = StoryboardLazyLoadDemo;
			productReference = 43F6E9EA1A0725A800262AC6 /* StroyboardLazyLoadNotSegueDemo.app */;
			productType = "com.apple.product-type.application";
		};
/* End PBXNativeTarget section */

/* Begin PBXProject section */
		43F6E9E21A0725A800262AC6 /* Project object */ = {
			isa = PBXProject;
			attributes = {
				LastSwiftUpdateCheck = 0720;
				LastUpgradeCheck = 0720;
				ORGANIZATIONNAME = tonymacmini;
				TargetAttributes = {
					43F6E9E91A0725A800262AC6 = {
						CreatedOnToolsVersion = 6.1;
					};
				};
			};
			buildConfigurationList = 43F6E9E51A0725A800262AC6 /* Build configuration list for PBXProject "StroyboardLazyLoadNotSegueDemo" */;
			compatibilityVersion = "Xcode 3.2";
			developmentRegion = English;
			hasScannedForEncodings = 0;
			knownRegions = (
				en,
				Base,
			);
			mainGroup = 43F6E9E11A0725A800262AC6;
			productRefGroup = 43F6E9EB1A0725A800262AC6 /* Products */;
			projectDirPath = "";
			projectRoot = "";
			targets = (
				43F6E9E91A0725A800262AC6 /* StroyboardLazyLoadNotSegueDemo */,
			);
		};
/* End PBXProject section */

/* Begin PBXResourcesBuildPhase section */
		43F6E9E81A0725A800262AC6 /* Resources */ = {
			isa = PBXResourcesBuildPhase;
			buildActionMask = 2147483647;
			files = (
				43F6E9F51A0725A800262AC6 /* Main.storyboard in Resources */,
				43F6E9FA1A0725A800262AC6 /* LaunchScreen.xib in Resources */,
				43F6E9F71A0725A800262AC6 /* Images.xcassets in Resources */,
			);
			runOnlyForDeploymentPostprocessing = 0;
		};
/* End PBXResourcesBuildPhase section */

/* Begin PBXSourcesBuildPhase section */
		43F6E9E61A0725A800262AC6 /* Sources */ = {
			isa = PBXSourcesBuildPhase;
			buildActionMask = 2147483647;
			files = (
				43F6E9F21A0725A800262AC6 /* MainViewController.swift in Sources */,
				43F6EA101A0727A200262AC6 /* FlipsideViewController.swift in Sources */,
				43F6E9F01A0725A800262AC6 /* AppDelegate.swift in Sources */,
			);
			runOnlyForDeploymentPostprocessing = 0;
		};
/* End PBXSourcesBuildPhase section */

/* Begin PBXVariantGroup section */
		43F6E9F31A0725A800262AC6 /* Main.storyboard */ = {
			isa = PBXVariantGroup;
			children = (
				43F6E9F41A0725A800262AC6 /* Base */,
			);
			name = Main.storyboard;
			sourceTree = "<group>";
		};
		43F6E9F81A0725A800262AC6 /* LaunchScreen.xib */ = {
			isa = PBXVariantGroup;
			children = (
				43F6E9F91A0725A800262AC6 /* Base */,
			);
			name = LaunchScreen.xib;
			sourceTree = "<group>";
		};
/* End PBXVariantGroup section */

/* Begin XCBuildConfiguration section */
		43F6EA071A0725A800262AC6 /* Debug */ = {
			isa = XCBuildConfiguration;
			buildSettings = {
				ALWAYS_SEARCH_USER_PATHS = NO;
				CLANG_CXX_LANGUAGE_STANDARD = "gnu++0x";
				CLANG_CXX_LIBRARY = "libc++";
				CLANG_ENABLE_MODULES = YES;
				CLANG_ENABLE_OBJC_ARC = YES;
				CLANG_WARN_BOOL_CONVERSION = YES;
				CLANG_WARN_CONSTANT_CONVERSION = YES;
				CLANG_WARN_DIRECT_OBJC_ISA_USAGE = YES_ERROR;
				CLANG_WARN_EMPTY_BODY = YES;
				CLANG_WARN_ENUM_CONVERSION = YES;
				CLANG_WARN_INT_CONVERSION = YES;
				CLANG_WARN_OBJC_ROOT_CLASS = YES_ERROR;
				CLANG_WARN_UNREACHABLE_CODE = YES;
				CLANG_WARN__DUPLICATE_METHOD_MATCH = YES;
				"CODE_SIGN_IDENTITY[sdk=iphoneos*]" = "iPhone Developer";
				COPY_PHASE_STRIP = NO;
				ENABLE_STRICT_OBJC_MSGSEND = YES;
				ENABLE_TESTABILITY = YES;
				GCC_C_LANGUAGE_STANDARD = gnu99;
				GCC_DYNAMIC_NO_PIC = NO;
				GCC_OPTIMIZATION_LEVEL = 0;
				GCC_PREPROCESSOR_DEFINITIONS = (
					"DEBUG=1",
					"$(inherited)",
				);
				GCC_SYMBOLS_PRIVATE_EXTERN = NO;
				GCC_WARN_64_TO_32_BIT_CONVERSION = YES;
				GCC_WARN_ABOUT_RETURN_TYPE = YES_ERROR;
				GCC_WARN_UNDECLARED_SELECTOR = YES;
				GCC_WARN_UNINITIALIZED_AUTOS = YES_AGGRESSIVE;
				GCC_WARN_UNUSED_FUNCTION = YES;
				GCC_WARN_UNUSED_VARIABLE = YES;
				IPHONEOS_DEPLOYMENT_TARGET = 8.1;
				MTL_ENABLE_DEBUG_INFO = YES;
				ONLY_ACTIVE_ARCH = YES;
				SDKROOT = iphoneos;
				SWIFT_OPTIMIZATION_LEVEL = "-Onone";
			};
			name = Debug;
		};
		43F6EA081A0725A800262AC6 /* Release */ = {
			isa = XCBuildConfiguration;
			buildSettings = {
				ALWAYS_SEARCH_USER_PATHS = NO;
				CLANG_CXX_LANGUAGE_STANDARD = "gnu++0x";
				CLANG_CXX_LIBRARY = "libc++";
				CLANG_ENABLE_MODULES = YES;
				CLANG_ENABLE_OBJC_ARC = YES;
				CLANG_WARN_BOOL_CONVERSION = YES;
				CLANG_WARN_CONSTANT_CONVERSION = YES;
				CLANG_WARN_DIRECT_OBJC_ISA_USAGE = YES_ERROR;
				CLANG_WARN_EMPTY_BODY = YES;
				CLANG_WARN_ENUM_CONVERSION = YES;
				CLANG_WARN_INT_CONVERSION = YES;
				CLANG_WARN_OBJC_ROOT_CLASS = YES_ERROR;
				CLANG_WARN_UNREACHABLE_CODE = YES;
				CLANG_WARN__DUPLICATE_METHOD_MATCH = YES;
				"CODE_SIGN_IDENTITY[sdk=iphoneos*]" = "iPhone Developer";
				COPY_PHASE_STRIP = YES;
				ENABLE_NS_ASSERTIONS = NO;
				ENABLE_STRICT_OBJC_MSGSEND = YES;
				GCC_C_LANGUAGE_STANDARD = gnu99;
				GCC_WARN_64_TO_32_BIT_CONVERSION = YES;
				GCC_WARN_ABOUT_RETURN_TYPE = YES_ERROR;
				GCC_WARN_UNDECLARED_SELECTOR = YES;
				GCC_WARN_UNINITIALIZED_AUTOS = YES_AGGRESSIVE;
				GCC_WARN_UNUSED_FUNCTION = YES;
				GCC_WARN_UNUSED_VARIABLE = YES;
				IPHONEOS_DEPLOYMENT_TARGET = 8.1;
				MTL_ENABLE_DEBUG_INFO = NO;
				SDKROOT = iphoneos;
				VALIDATE_PRODUCT = YES;
			};
			name = Release;
		};
		43F6EA0A1A0725A800262AC6 /* Debug */ = {
			isa = XCBuildConfiguration;
			buildSettings = {
				ASSETCATALOG_COMPILER_APPICON_NAME = AppIcon;
				INFOPLIST_FILE = StoryboardLazyLoadDemo/Info.plist;
				LD_RUNPATH_SEARCH_PATHS = "$(inherited) @executable_path/Frameworks";
				PRODUCT_BUNDLE_IDENTIFIER = "com.51work6.$(PRODUCT_NAME:rfc1034identifier)";
				PRODUCT_NAME = "$(TARGET_NAME)";
			};
			name = Debug;
		};
		43F6EA0B1A0725A800262AC6 /* Release */ = {
			isa = XCBuildConfiguration;
			buildSettings = {
				ASSETCATALOG_COMPILER_APPICON_NAME = AppIcon;
				INFOPLIST_FILE = StoryboardLazyLoadDemo/Info.plist;
				LD_RUNPATH_SEARCH_PATHS = "$(inherited) @executable_path/Frameworks";
				PRODUCT_BUNDLE_IDENTIFIER = "com.51work6.$(PRODUCT_NAME:rfc1034identifier)";
				PRODUCT_NAME = "$(TARGET_NAME)";
			};
			name = Release;
		};
/* End XCBuildConfiguration section */

/* Begin XCConfigurationList section */
		43F6E9E51A0725A800262AC6 /* Build configuration list for PBXProject "StroyboardLazyLoadNotSegueDemo" */ = {
			isa = XCConfigurationList;
			buildConfigurations = (
				43F6EA071A0725A800262AC6 /* Debug */,
				43F6EA081A0725A800262AC6 /* Release */,
			);
			defaultConfigurationIsVisible = 0;
			defaultConfigurationName = Release;
		};
		43F6EA091A0725A800262AC6 /* Build configuration list for PBXNativeTarget "StroyboardLazyLoadNotSegueDemo" */ = {
			isa = XCConfigurationList;
			buildConfigurations = (
				43F6EA0A1A0725A800262AC6 /* Debug */,
				43F6EA0B1A0725A800262AC6 /* Release */,
			);
			defaultConfigurationIsVisible = 0;
			defaultConfigurationName = Release;
		};
/* End XCConfigurationList section */
	};
	rootObject = 43F6E9E21A0725A800262AC6 /* Project object */;
}
