// !$*UTF8*$!
{
	archiveVersion = 1;
	classes = {
	};
	objectVersion = 46;
	objects = {

/* Begin PBXBuildFile section */
		EAB118221C62A27F007D11BD /* main.m in Sources */ = {isa = PBXBuildFile; fileRef = EAB118211C62A27F007D11BD /* main.m */; };
		EAB118251C62A27F007D11BD /* AppDelegate.m in Sources */ = {isa = PBXBuildFile; fileRef = EAB118241C62A27F007D11BD /* AppDelegate.m */; };
		EAB118281C62A27F007D11BD /* MasterViewController.m in Sources */ = {isa = PBXBuildFile; fileRef = EAB118271C62A27F007D11BD /* MasterViewController.m */; };
		EAB1182B1C62A27F007D11BD /* DetailViewController.m in Sources */ = {isa = PBXBuildFile; fileRef = EAB1182A1C62A27F007D11BD /* DetailViewController.m */; };
		EAB1182E1C62A27F007D11BD /* Main.storyboard in Resources */ = {isa = PBXBuildFile; fileRef = EAB1182C1C62A27F007D11BD /* Main.storyboard */; };
		EAB118301C62A27F007D11BD /* Assets.xcassets in Resources */ = {isa = PBXBuildFile; fileRef = EAB1182F1C62A27F007D11BD /* Assets.xcassets */; };
		EAB118331C62A27F007D11BD /* LaunchScreen.storyboard in Resources */ = {isa = PBXBuildFile; fileRef = EAB118311C62A27F007D11BD /* LaunchScreen.storyboard */; };
/* End PBXBuildFile section */

/* Begin PBXFileReference section */
		EAB1181D1C62A27F007D11BD /* MasterDetail.app */ = {isa = PBXFileReference; explicitFileType = wrapper.application; includeInIndex = 0; path = MasterDetail.app; sourceTree = BUILT_PRODUCTS_DIR; };
		EAB118211C62A27F007D11BD /* main.m */ = {isa = PBXFileReference; lastKnownFileType = sourcecode.c.objc; path = main.m; sourceTree = "<group>"; };
		EAB118231C62A27F007D11BD /* AppDelegate.h */ = {isa = PBXFileReference; lastKnownFileType = sourcecode.c.h; path = AppDelegate.h; sourceTree = "<group>"; };
		EAB118241C62A27F007D11BD /* AppDelegate.m */ = {isa = PBXFileReference; lastKnownFileType = sourcecode.c.objc; path = AppDelegate.m; sourceTree = "<group>"; };
		EAB118261C62A27F007D11BD /* MasterViewController.h */ = {isa = PBXFileReference; lastKnownFileType = sourcecode.c.h; path = MasterViewController.h; sourceTree = "<group>"; };
		EAB118271C62A27F007D11BD /* MasterViewController.m */ = {isa = PBXFileReference; lastKnownFileType = sourcecode.c.objc; path = MasterViewController.m; sourceTree = "<group>"; };
		EAB118291C62A27F007D11BD /* DetailViewController.h */ = {isa = PBXFileReference; lastKnownFileType = sourcecode.c.h; path = DetailViewController.h; sourceTree = "<group>"; };
		EAB1182A1C62A27F007D11BD /* DetailViewController.m */ = {isa = PBXFileReference; lastKnownFileType = sourcecode.c.objc; path = DetailViewController.m; sourceTree = "<group>"; };
		EAB1182D1C62A27F007D11BD /* Base */ = {isa = PBXFileReference; lastKnownFileType = file.storyboard; name = Base; path = Base.lproj/Main.storyboard; sourceTree = "<group>"; };
		EAB1182F1C62A27F007D11BD /* Assets.xcassets */ = {isa = PBXFileReference; lastKnownFileType = folder.assetcatalog; path = Assets.xcassets; sourceTree = "<group>"; };
		EAB118321C62A27F007D11BD /* Base */ = {isa = PBXFileReference; lastKnownFileType = file.storyboard; name = Base; path = Base.lproj/LaunchScreen.storyboard; sourceTree = "<group>"; };
		EAB118341C62A27F007D11BD /* Info.plist */ = {isa = PBXFileReference; lastKnownFileType = text.plist.xml; path = Info.plist; sourceTree = "<group>"; };
/* End PBXFileReference section */

/* Begin PBXFrameworksBuildPhase section */
		EAB1181A1C62A27F007D11BD /* Frameworks */ = {
			isa = PBXFrameworksBuildPhase;
			buildActionMask = 2147483647;
			files = (
			);
			runOnlyForDeploymentPostprocessing = 0;
		};
/* End PBXFrameworksBuildPhase section */

/* Begin PBXGroup section */
		EAB118141C62A27F007D11BD = {
			isa = PBXGroup;
			children = (
				EAB1181F1C62A27F007D11BD /* MasterDetail */,
				EAB1181E1C62A27F007D11BD /* Products */,
			);
			sourceTree = "<group>";
		};
		EAB1181E1C62A27F007D11BD /* Products */ = {
			isa = PBXGroup;
			children = (
				EAB1181D1C62A27F007D11BD /* MasterDetail.app */,
			);
			name = Products;
			sourceTree = "<group>";
		};
		EAB1181F1C62A27F007D11BD /* MasterDetail */ = {
			isa = PBXGroup;
			children = (
				EAB118231C62A27F007D11BD /* AppDelegate.h */,
				EAB118241C62A27F007D11BD /* AppDelegate.m */,
				EAB118261C62A27F007D11BD /* MasterViewController.h */,
				EAB118271C62A27F007D11BD /* MasterViewController.m */,
				EAB118291C62A27F007D11BD /* DetailViewController.h */,
				EAB1182A1C62A27F007D11BD /* DetailViewController.m */,
				EAB1182C1C62A27F007D11BD /* Main.storyboard */,
				EAB1182F1C62A27F007D11BD /* Assets.xcassets */,
				EAB118311C62A27F007D11BD /* LaunchScreen.storyboard */,
				EAB118341C62A27F007D11BD /* Info.plist */,
				EAB118201C62A27F007D11BD /* Supporting Files */,
			);
			path = MasterDetail;
			sourceTree = "<group>";
		};
		EAB118201C62A27F007D11BD /* Supporting Files */ = {
			isa = PBXGroup;
			children = (
				EAB118211C62A27F007D11BD /* main.m */,
			);
			name = "Supporting Files";
			sourceTree = "<group>";
		};
/* End PBXGroup section */

/* Begin PBXNativeTarget section */
		EAB1181C1C62A27F007D11BD /* MasterDetail */ = {
			isa = PBXNativeTarget;
			buildConfigurationList = EAB118371C62A27F007D11BD /* Build configuration list for PBXNativeTarget "MasterDetail" */;
			buildPhases = (
				EAB118191C62A27F007D11BD /* Sources */,
				EAB1181A1C62A27F007D11BD /* Frameworks */,
				EAB1181B1C62A27F007D11BD /* Resources */,
			);
			buildRules = (
			);
			dependencies = (
			);
			name = MasterDetail;
			productName = MasterDetail;
			productReference = EAB1181D1C62A27F007D11BD /* MasterDetail.app */;
			productType = "com.apple.product-type.application";
		};
/* End PBXNativeTarget section */

/* Begin PBXProject section */
		EAB118151C62A27F007D11BD /* Project object */ = {
			isa = PBXProject;
			attributes = {
				LastUpgradeCheck = 0720;
				ORGANIZATIONNAME = tony;
				TargetAttributes = {
					EAB1181C1C62A27F007D11BD = {
						CreatedOnToolsVersion = 7.2;
					};
				};
			};
			buildConfigurationList = EAB118181C62A27F007D11BD /* Build configuration list for PBXProject "MasterDetail" */;
			compatibilityVersion = "Xcode 3.2";
			developmentRegion = English;
			hasScannedForEncodings = 0;
			knownRegions = (
				en,
				Base,
			);
			mainGroup = EAB118141C62A27F007D11BD;
			productRefGroup = EAB1181E1C62A27F007D11BD /* Products */;
			projectDirPath = "";
			projectRoot = "";
			targets = (
				EAB1181C1C62A27F007D11BD /* MasterDetail */,
			);
		};
/* End PBXProject section */

/* Begin PBXResourcesBuildPhase section */
		EAB1181B1C62A27F007D11BD /* Resources */ = {
			isa = PBXResourcesBuildPhase;
			buildActionMask = 2147483647;
			files = (
				EAB118331C62A27F007D11BD /* LaunchScreen.storyboard in Resources */,
				EAB118301C62A27F007D11BD /* Assets.xcassets in Resources */,
				EAB1182E1C62A27F007D11BD /* Main.storyboard in Resources */,
			);
			runOnlyForDeploymentPostprocessing = 0;
		};
/* End PBXResourcesBuildPhase section */

/* Begin PBXSourcesBuildPhase section */
		EAB118191C62A27F007D11BD /* Sources */ = {
			isa = PBXSourcesBuildPhase;
			buildActionMask = 2147483647;
			files = (
				EAB118251C62A27F007D11BD /* AppDelegate.m in Sources */,
				EAB118281C62A27F007D11BD /* MasterViewController.m in Sources */,
				EAB118221C62A27F007D11BD /* main.m in Sources */,
				EAB1182B1C62A27F007D11BD /* DetailViewController.m in Sources */,
			);
			runOnlyForDeploymentPostprocessing = 0;
		};
/* End PBXSourcesBuildPhase section */

/* Begin PBXVariantGroup section */
		EAB1182C1C62A27F007D11BD /* Main.storyboard */ = {
			isa = PBXVariantGroup;
			children = (
				EAB1182D1C62A27F007D11BD /* Base */,
			);
			name = Main.storyboard;
			sourceTree = "<group>";
		};
		EAB118311C62A27F007D11BD /* LaunchScreen.storyboard */ = {
			isa = PBXVariantGroup;
			children = (
				EAB118321C62A27F007D11BD /* Base */,
			);
			name = LaunchScreen.storyboard;
			sourceTree = "<group>";
		};
/* End PBXVariantGroup section */

/* Begin XCBuildConfiguration section */
		EAB118351C62A27F007D11BD /* Debug */ = {
			isa = XCBuildConfiguration;
			buildSettings = {
				ALWAYS_SEARCH_USER_PATHS = NO;
				CLANG_CXX_LANGUAGE_STANDARD = "gnu++0x";
				CLANG_CXX_LIBRARY = "libc++";
				CLANG_ENABLE_MODULES = YES;
				CLANG_ENABLE_OBJC_ARC = YES;
				CLANG_WARN_BOOL_CONVERSION = YES;
				CLANG_WARN_CONSTANT_CONVERSION = YES;
				CLANG_WARN_DIRECT_OBJC_ISA_USAGE = YES_ERROR;
				CLANG_WARN_EMPTY_BODY = YES;
				CLANG_WARN_ENUM_CONVERSION = YES;
				CLANG_WARN_INT_CONVERSION = YES;
				CLANG_WARN_OBJC_ROOT_CLASS = YES_ERROR;
				CLANG_WARN_UNREACHABLE_CODE = YES;
				CLANG_WARN__DUPLICATE_METHOD_MATCH = YES;
				"CODE_SIGN_IDENTITY[sdk=iphoneos*]" = "iPhone Developer";
				COPY_PHASE_STRIP = NO;
				DEBUG_INFORMATION_FORMAT = dwarf;
				ENABLE_STRICT_OBJC_MSGSEND = YES;
				ENABLE_TESTABILITY = YES;
				GCC_C_LANGUAGE_STANDARD = gnu99;
				GCC_DYNAMIC_NO_PIC = NO;
				GCC_NO_COMMON_BLOCKS = YES;
				GCC_OPTIMIZATION_LEVEL = 0;
				GCC_PREPROCESSOR_DEFINITIONS = (
					"DEBUG=1",
					"$(inherited)",
				);
				GCC_WARN_64_TO_32_BIT_CONVERSION = YES;
				GCC_WARN_ABOUT_RETURN_TYPE = YES_ERROR;
				GCC_WARN_UNDECLARED_SELECTOR = YES;
				GCC_WARN_UNINITIALIZED_AUTOS = YES_AGGRESSIVE;
				GCC_WARN_UNUSED_FUNCTION = YES;
				GCC_WARN_UNUSED_VARIABLE = YES;
				IPHONEOS_DEPLOYMENT_TARGET = 9.2;
				MTL_ENABLE_DEBUG_INFO = YES;
				ONLY_ACTIVE_ARCH = YES;
				SDKROOT = iphoneos;
				TARGETED_DEVICE_FAMILY = "1,2";
			};
			name = Debug;
		};
		EAB118361C62A27F007D11BD /* Release */ = {
			isa = XCBuildConfiguration;
			buildSettings = {
				ALWAYS_SEARCH_USER_PATHS = NO;
				CLANG_CXX_LANGUAGE_STANDARD = "gnu++0x";
				CLANG_CXX_LIBRARY = "libc++";
				CLANG_ENABLE_MODULES = YES;
				CLANG_ENABLE_OBJC_ARC = YES;
				CLANG_WARN_BOOL_CONVERSION = YES;
				CLANG_WARN_CONSTANT_CONVERSION = YES;
				CLANG_WARN_DIRECT_OBJC_ISA_USAGE = YES_ERROR;
				CLANG_WARN_EMPTY_BODY = YES;
				CLANG_WARN_ENUM_CONVERSION = YES;
				CLANG_WARN_INT_CONVERSION = YES;
				CLANG_WARN_OBJC_ROOT_CLASS = YES_ERROR;
				CLANG_WARN_UNREACHABLE_CODE = YES;
				CLANG_WARN__DUPLICATE_METHOD_MATCH = YES;
				"CODE_SIGN_IDENTITY[sdk=iphoneos*]" = "iPhone Developer";
				COPY_PHASE_STRIP = NO;
				DEBUG_INFORMATION_FORMAT = "dwarf-with-dsym";
				ENABLE_NS_ASSERTIONS = NO;
				ENABLE_STRICT_OBJC_MSGSEND = YES;
				GCC_C_LANGUAGE_STANDARD = gnu99;
				GCC_NO_COMMON_BLOCKS = YES;
				GCC_WARN_64_TO_32_BIT_CONVERSION = YES;
				GCC_WARN_ABOUT_RETURN_TYPE = YES_ERROR;
				GCC_WARN_UNDECLARED_SELECTOR = YES;
				GCC_WARN_UNINITIALIZED_AUTOS = YES_AGGRESSIVE;
				GCC_WARN_UNUSED_FUNCTION = YES;
				GCC_WARN_UNUSED_VARIABLE = YES;
				IPHONEOS_DEPLOYMENT_TARGET = 9.2;
				MTL_ENABLE_DEBUG_INFO = NO;
				SDKROOT = iphoneos;
				TARGETED_DEVICE_FAMILY = "1,2";
				VALIDATE_PRODUCT = YES;
			};
			name = Release;
		};
		EAB118381C62A27F007D11BD /* Debug */ = {
			isa = XCBuildConfiguration;
			buildSettings = {
				ASSETCATALOG_COMPILER_APPICON_NAME = AppIcon;
				INFOPLIST_FILE = MasterDetail/Info.plist;
				LD_RUNPATH_SEARCH_PATHS = "$(inherited) @executable_path/Frameworks";
				PRODUCT_BUNDLE_IDENTIFIER = com.51work6.MasterDetail;
				PRODUCT_NAME = "$(TARGET_NAME)";
			};
			name = Debug;
		};
		EAB118391C62A27F007D11BD /* Release */ = {
			isa = XCBuildConfiguration;
			buildSettings = {
				ASSETCATALOG_COMPILER_APPICON_NAME = AppIcon;
				INFOPLIST_FILE = MasterDetail/Info.plist;
				LD_RUNPATH_SEARCH_PATHS = "$(inherited) @executable_path/Frameworks";
				PRODUCT_BUNDLE_IDENTIFIER = com.51work6.MasterDetail;
				PRODUCT_NAME = "$(TARGET_NAME)";
			};
			name = Release;
		};
/* End XCBuildConfiguration section */

/* Begin XCConfigurationList section */
		EAB118181C62A27F007D11BD /* Build configuration list for PBXProject "MasterDetail" */ = {
			isa = XCConfigurationList;
			buildConfigurations = (
				EAB118351C62A27F007D11BD /* Debug */,
				EAB118361C62A27F007D11BD /* Release */,
			);
			defaultConfigurationIsVisible = 0;
			defaultConfigurationName = Release;
		};
		EAB118371C62A27F007D11BD /* Build configuration list for PBXNativeTarget "MasterDetail" */ = {
			isa = XCConfigurationList;
			buildConfigurations = (
				EAB118381C62A27F007D11BD /* Debug */,
				EAB118391C62A27F007D11BD /* Release */,
			);
			defaultConfigurationIsVisible = 0;
		};
/* End XCConfigurationList section */
	};
	rootObject = EAB118151C62A27F007D11BD /* Project object */;
}
