// !$*UTF8*$!
{
	archiveVersion = 1;
	classes = {
	};
	objectVersion = 46;
	objects = {

/* Begin PBXBuildFile section */
		EAB118471C62A29C007D11BD /* AppDelegate.swift in Sources */ = {isa = PBXBuildFile; fileRef = EAB118461C62A29C007D11BD /* AppDelegate.swift */; };
		EAB118491C62A29C007D11BD /* MasterViewController.swift in Sources */ = {isa = PBXBuildFile; fileRef = EAB118481C62A29C007D11BD /* MasterViewController.swift */; };
		EAB1184B1C62A29C007D11BD /* DetailViewController.swift in Sources */ = {isa = PBXBuildFile; fileRef = EAB1184A1C62A29C007D11BD /* DetailViewController.swift */; };
		EAB1184E1C62A29C007D11BD /* Main.storyboard in Resources */ = {isa = PBXBuildFile; fileRef = EAB1184C1C62A29C007D11BD /* Main.storyboard */; };
		EAB118501C62A29C007D11BD /* Assets.xcassets in Resources */ = {isa = PBXBuildFile; fileRef = EAB1184F1C62A29C007D11BD /* Assets.xcassets */; };
		EAB118531C62A29C007D11BD /* LaunchScreen.storyboard in Resources */ = {isa = PBXBuildFile; fileRef = EAB118511C62A29C007D11BD /* LaunchScreen.storyboard */; };
/* End PBXBuildFile section */

/* Begin PBXFileReference section */
		EAB118431C62A29C007D11BD /* MasterDetail.app */ = {isa = PBXFileReference; explicitFileType = wrapper.application; includeInIndex = 0; path = MasterDetail.app; sourceTree = BUILT_PRODUCTS_DIR; };
		EAB118461C62A29C007D11BD /* AppDelegate.swift */ = {isa = PBXFileReference; lastKnownFileType = sourcecode.swift; path = AppDelegate.swift; sourceTree = "<group>"; };
		EAB118481C62A29C007D11BD /* MasterViewController.swift */ = {isa = PBXFileReference; lastKnownFileType = sourcecode.swift; path = MasterViewController.swift; sourceTree = "<group>"; };
		EAB1184A1C62A29C007D11BD /* DetailViewController.swift */ = {isa = PBXFileReference; lastKnownFileType = sourcecode.swift; path = DetailViewController.swift; sourceTree = "<group>"; };
		EAB1184D1C62A29C007D11BD /* Base */ = {isa = PBXFileReference; lastKnownFileType = file.storyboard; name = Base; path = Base.lproj/Main.storyboard; sourceTree = "<group>"; };
		EAB1184F1C62A29C007D11BD /* Assets.xcassets */ = {isa = PBXFileReference; lastKnownFileType = folder.assetcatalog; path = Assets.xcassets; sourceTree = "<group>"; };
		EAB118521C62A29C007D11BD /* Base */ = {isa = PBXFileReference; lastKnownFileType = file.storyboard; name = Base; path = Base.lproj/LaunchScreen.storyboard; sourceTree = "<group>"; };
		EAB118541C62A29C007D11BD /* Info.plist */ = {isa = PBXFileReference; lastKnownFileType = text.plist.xml; path = Info.plist; sourceTree = "<group>"; };
/* End PBXFileReference section */

/* Begin PBXFrameworksBuildPhase section */
		EAB118401C62A29C007D11BD /* Frameworks */ = {
			isa = PBXFrameworksBuildPhase;
			buildActionMask = 2147483647;
			files = (
			);
			runOnlyForDeploymentPostprocessing = 0;
		};
/* End PBXFrameworksBuildPhase section */

/* Begin PBXGroup section */
		EAB1183A1C62A29C007D11BD = {
			isa = PBXGroup;
			children = (
				EAB118451C62A29C007D11BD /* MasterDetail */,
				EAB118441C62A29C007D11BD /* Products */,
			);
			sourceTree = "<group>";
		};
		EAB118441C62A29C007D11BD /* Products */ = {
			isa = PBXGroup;
			children = (
				EAB118431C62A29C007D11BD /* MasterDetail.app */,
			);
			name = Products;
			sourceTree = "<group>";
		};
		EAB118451C62A29C007D11BD /* MasterDetail */ = {
			isa = PBXGroup;
			children = (
				EAB118461C62A29C007D11BD /* AppDelegate.swift */,
				EAB118481C62A29C007D11BD /* MasterViewController.swift */,
				EAB1184A1C62A29C007D11BD /* DetailViewController.swift */,
				EAB1184C1C62A29C007D11BD /* Main.storyboard */,
				EAB1184F1C62A29C007D11BD /* Assets.xcassets */,
				EAB118511C62A29C007D11BD /* LaunchScreen.storyboard */,
				EAB118541C62A29C007D11BD /* Info.plist */,
			);
			path = MasterDetail;
			sourceTree = "<group>";
		};
/* End PBXGroup section */

/* Begin PBXNativeTarget section */
		EAB118421C62A29C007D11BD /* MasterDetail */ = {
			isa = PBXNativeTarget;
			buildConfigurationList = EAB118571C62A29C007D11BD /* Build configuration list for PBXNativeTarget "MasterDetail" */;
			buildPhases = (
				EAB1183F1C62A29C007D11BD /* Sources */,
				EAB118401C62A29C007D11BD /* Frameworks */,
				EAB118411C62A29C007D11BD /* Resources */,
			);
			buildRules = (
			);
			dependencies = (
			);
			name = MasterDetail;
			productName = MasterDetail;
			productReference = EAB118431C62A29C007D11BD /* MasterDetail.app */;
			productType = "com.apple.product-type.application";
		};
/* End PBXNativeTarget section */

/* Begin PBXProject section */
		EAB1183B1C62A29C007D11BD /* Project object */ = {
			isa = PBXProject;
			attributes = {
				LastSwiftUpdateCheck = 0720;
				LastUpgradeCheck = 0720;
				ORGANIZATIONNAME = tony;
				TargetAttributes = {
					EAB118421C62A29C007D11BD = {
						CreatedOnToolsVersion = 7.2;
					};
				};
			};
			buildConfigurationList = EAB1183E1C62A29C007D11BD /* Build configuration list for PBXProject "MasterDetail" */;
			compatibilityVersion = "Xcode 3.2";
			developmentRegion = English;
			hasScannedForEncodings = 0;
			knownRegions = (
				en,
				Base,
			);
			mainGroup = EAB1183A1C62A29C007D11BD;
			productRefGroup = EAB118441C62A29C007D11BD /* Products */;
			projectDirPath = "";
			projectRoot = "";
			targets = (
				EAB118421C62A29C007D11BD /* MasterDetail */,
			);
		};
/* End PBXProject section */

/* Begin PBXResourcesBuildPhase section */
		EAB118411C62A29C007D11BD /* Resources */ = {
			isa = PBXResourcesBuildPhase;
			buildActionMask = 2147483647;
			files = (
				EAB118531C62A29C007D11BD /* LaunchScreen.storyboard in Resources */,
				EAB118501C62A29C007D11BD /* Assets.xcassets in Resources */,
				EAB1184E1C62A29C007D11BD /* Main.storyboard in Resources */,
			);
			runOnlyForDeploymentPostprocessing = 0;
		};
/* End PBXResourcesBuildPhase section */

/* Begin PBXSourcesBuildPhase section */
		EAB1183F1C62A29C007D11BD /* Sources */ = {
			isa = PBXSourcesBuildPhase;
			buildActionMask = 2147483647;
			files = (
				EAB1184B1C62A29C007D11BD /* DetailViewController.swift in Sources */,
				EAB118491C62A29C007D11BD /* MasterViewController.swift in Sources */,
				EAB118471C62A29C007D11BD /* AppDelegate.swift in Sources */,
			);
			runOnlyForDeploymentPostprocessing = 0;
		};
/* End PBXSourcesBuildPhase section */

/* Begin PBXVariantGroup section */
		EAB1184C1C62A29C007D11BD /* Main.storyboard */ = {
			isa = PBXVariantGroup;
			children = (
				EAB1184D1C62A29C007D11BD /* Base */,
			);
			name = Main.storyboard;
			sourceTree = "<group>";
		};
		EAB118511C62A29C007D11BD /* LaunchScreen.storyboard */ = {
			isa = PBXVariantGroup;
			children = (
				EAB118521C62A29C007D11BD /* Base */,
			);
			name = LaunchScreen.storyboard;
			sourceTree = "<group>";
		};
/* End PBXVariantGroup section */

/* Begin XCBuildConfiguration section */
		EAB118551C62A29C007D11BD /* Debug */ = {
			isa = XCBuildConfiguration;
			buildSettings = {
				ALWAYS_SEARCH_USER_PATHS = NO;
				CLANG_CXX_LANGUAGE_STANDARD = "gnu++0x";
				CLANG_CXX_LIBRARY = "libc++";
				CLANG_ENABLE_MODULES = YES;
				CLANG_ENABLE_OBJC_ARC = YES;
				CLANG_WARN_BOOL_CONVERSION = YES;
				CLANG_WARN_CONSTANT_CONVERSION = YES;
				CLANG_WARN_DIRECT_OBJC_ISA_USAGE = YES_ERROR;
				CLANG_WARN_EMPTY_BODY = YES;
				CLANG_WARN_ENUM_CONVERSION = YES;
				CLANG_WARN_INT_CONVERSION = YES;
				CLANG_WARN_OBJC_ROOT_CLASS = YES_ERROR;
				CLANG_WARN_UNREACHABLE_CODE = YES;
				CLANG_WARN__DUPLICATE_METHOD_MATCH = YES;
				"CODE_SIGN_IDENTITY[sdk=iphoneos*]" = "iPhone Developer";
				COPY_PHASE_STRIP = NO;
				DEBUG_INFORMATION_FORMAT = dwarf;
				ENABLE_STRICT_OBJC_MSGSEND = YES;
				ENABLE_TESTABILITY = YES;
				GCC_C_LANGUAGE_STANDARD = gnu99;
				GCC_DYNAMIC_NO_PIC = NO;
				GCC_NO_COMMON_BLOCKS = YES;
				GCC_OPTIMIZATION_LEVEL = 0;
				GCC_PREPROCESSOR_DEFINITIONS = (
					"DEBUG=1",
					"$(inherited)",
				);
				GCC_WARN_64_TO_32_BIT_CONVERSION = YES;
				GCC_WARN_ABOUT_RETURN_TYPE = YES_ERROR;
				GCC_WARN_UNDECLARED_SELECTOR = YES;
				GCC_WARN_UNINITIALIZED_AUTOS = YES_AGGRESSIVE;
				GCC_WARN_UNUSED_FUNCTION = YES;
				GCC_WARN_UNUSED_VARIABLE = YES;
				IPHONEOS_DEPLOYMENT_TARGET = 9.2;
				MTL_ENABLE_DEBUG_INFO = YES;
				ONLY_ACTIVE_ARCH = YES;
				SDKROOT = iphoneos;
				SWIFT_OPTIMIZATION_LEVEL = "-Onone";
				TARGETED_DEVICE_FAMILY = "1,2";
			};
			name = Debug;
		};
		EAB118561C62A29C007D11BD /* Release */ = {
			isa = XCBuildConfiguration;
			buildSettings = {
				ALWAYS_SEARCH_USER_PATHS = NO;
				CLANG_CXX_LANGUAGE_STANDARD = "gnu++0x";
				CLANG_CXX_LIBRARY = "libc++";
				CLANG_ENABLE_MODULES = YES;
				CLANG_ENABLE_OBJC_ARC = YES;
				CLANG_WARN_BOOL_CONVERSION = YES;
				CLANG_WARN_CONSTANT_CONVERSION = YES;
				CLANG_WARN_DIRECT_OBJC_ISA_USAGE = YES_ERROR;
				CLANG_WARN_EMPTY_BODY = YES;
				CLANG_WARN_ENUM_CONVERSION = YES;
				CLANG_WARN_INT_CONVERSION = YES;
				CLANG_WARN_OBJC_ROOT_CLASS = YES_ERROR;
				CLANG_WARN_UNREACHABLE_CODE = YES;
				CLANG_WARN__DUPLICATE_METHOD_MATCH = YES;
				"CODE_SIGN_IDENTITY[sdk=iphoneos*]" = "iPhone Developer";
				COPY_PHASE_STRIP = NO;
				DEBUG_INFORMATION_FORMAT = "dwarf-with-dsym";
				ENABLE_NS_ASSERTIONS = NO;
				ENABLE_STRICT_OBJC_MSGSEND = YES;
				GCC_C_LANGUAGE_STANDARD = gnu99;
				GCC_NO_COMMON_BLOCKS = YES;
				GCC_WARN_64_TO_32_BIT_CONVERSION = YES;
				GCC_WARN_ABOUT_RETURN_TYPE = YES_ERROR;
				GCC_WARN_UNDECLARED_SELECTOR = YES;
				GCC_WARN_UNINITIALIZED_AUTOS = YES_AGGRESSIVE;
				GCC_WARN_UNUSED_FUNCTION = YES;
				GCC_WARN_UNUSED_VARIABLE = YES;
				IPHONEOS_DEPLOYMENT_TARGET = 9.2;
				MTL_ENABLE_DEBUG_INFO = NO;
				SDKROOT = iphoneos;
				TARGETED_DEVICE_FAMILY = "1,2";
				VALIDATE_PRODUCT = YES;
			};
			name = Release;
		};
		EAB118581C62A29C007D11BD /* Debug */ = {
			isa = XCBuildConfiguration;
			buildSettings = {
				ASSETCATALOG_COMPILER_APPICON_NAME = AppIcon;
				INFOPLIST_FILE = MasterDetail/Info.plist;
				LD_RUNPATH_SEARCH_PATHS = "$(inherited) @executable_path/Frameworks";
				PRODUCT_BUNDLE_IDENTIFIER = com.51work6.MasterDetail;
				PRODUCT_NAME = "$(TARGET_NAME)";
			};
			name = Debug;
		};
		EAB118591C62A29C007D11BD /* Release */ = {
			isa = XCBuildConfiguration;
			buildSettings = {
				ASSETCATALOG_COMPILER_APPICON_NAME = AppIcon;
				INFOPLIST_FILE = MasterDetail/Info.plist;
				LD_RUNPATH_SEARCH_PATHS = "$(inherited) @executable_path/Frameworks";
				PRODUCT_BUNDLE_IDENTIFIER = com.51work6.MasterDetail;
				PRODUCT_NAME = "$(TARGET_NAME)";
			};
			name = Release;
		};
/* End XCBuildConfiguration section */

/* Begin XCConfigurationList section */
		EAB1183E1C62A29C007D11BD /* Build configuration list for PBXProject "MasterDetail" */ = {
			isa = XCConfigurationList;
			buildConfigurations = (
				EAB118551C62A29C007D11BD /* Debug */,
				EAB118561C62A29C007D11BD /* Release */,
			);
			defaultConfigurationIsVisible = 0;
			defaultConfigurationName = Release;
		};
		EAB118571C62A29C007D11BD /* Build configuration list for PBXNativeTarget "MasterDetail" */ = {
			isa = XCConfigurationList;
			buildConfigurations = (
				EAB118581C62A29C007D11BD /* Debug */,
				EAB118591C62A29C007D11BD /* Release */,
			);
			defaultConfigurationIsVisible = 0;
		};
/* End XCConfigurationList section */
	};
	rootObject = EAB1183B1C62A29C007D11BD /* Project object */;
}
