// !$*UTF8*$!
{
	archiveVersion = 1;
	classes = {
	};
	objectVersion = 46;
	objects = {

/* Begin PBXBuildFile section */
		EAE35E391C65878100A25958 /* AppDelegate.swift in Sources */ = {isa = PBXBuildFile; fileRef = EAE35E381C65878100A25958 /* AppDelegate.swift */; };
		EAE35E3B1C65878100A25958 /* ViewController.swift in Sources */ = {isa = PBXBuildFile; fileRef = EAE35E3A1C65878100A25958 /* ViewController.swift */; };
		EAE35E401C65878100A25958 /* Assets.xcassets in Resources */ = {isa = PBXBuildFile; fileRef = EAE35E3F1C65878100A25958 /* Assets.xcassets */; };
		EAE35E431C65878100A25958 /* LaunchScreen.storyboard in Resources */ = {isa = PBXBuildFile; fileRef = EAE35E411C65878100A25958 /* LaunchScreen.storyboard */; };
		EAE35E4B1C6587AD00A25958 /* ModalViewController.swift in Sources */ = {isa = PBXBuildFile; fileRef = EAE35E4A1C6587AD00A25958 /* ModalViewController.swift */; };
/* End PBXBuildFile section */

/* Begin PBXFileReference section */
		EAE35E351C65878100A25958 /* ModalViewSample.app */ = {isa = PBXFileReference; explicitFileType = wrapper.application; includeInIndex = 0; path = ModalViewSample.app; sourceTree = BUILT_PRODUCTS_DIR; };
		EAE35E381C65878100A25958 /* AppDelegate.swift */ = {isa = PBXFileReference; lastKnownFileType = sourcecode.swift; path = AppDelegate.swift; sourceTree = "<group>"; };
		EAE35E3A1C65878100A25958 /* ViewController.swift */ = {isa = PBXFileReference; lastKnownFileType = sourcecode.swift; path = ViewController.swift; sourceTree = "<group>"; };
		EAE35E3F1C65878100A25958 /* Assets.xcassets */ = {isa = PBXFileReference; lastKnownFileType = folder.assetcatalog; path = Assets.xcassets; sourceTree = "<group>"; };
		EAE35E421C65878100A25958 /* Base */ = {isa = PBXFileReference; lastKnownFileType = file.storyboard; name = Base; path = Base.lproj/LaunchScreen.storyboard; sourceTree = "<group>"; };
		EAE35E441C65878100A25958 /* Info.plist */ = {isa = PBXFileReference; lastKnownFileType = text.plist.xml; path = Info.plist; sourceTree = "<group>"; };
		EAE35E4A1C6587AD00A25958 /* ModalViewController.swift */ = {isa = PBXFileReference; fileEncoding = 4; lastKnownFileType = sourcecode.swift; path = ModalViewController.swift; sourceTree = "<group>"; };
/* End PBXFileReference section */

/* Begin PBXFrameworksBuildPhase section */
		EAE35E321C65878100A25958 /* Frameworks */ = {
			isa = PBXFrameworksBuildPhase;
			buildActionMask = 2147483647;
			files = (
			);
			runOnlyForDeploymentPostprocessing = 0;
		};
/* End PBXFrameworksBuildPhase section */

/* Begin PBXGroup section */
		EAE35E2C1C65878100A25958 = {
			isa = PBXGroup;
			children = (
				EAE35E371C65878100A25958 /* ModalViewSample */,
				EAE35E361C65878100A25958 /* Products */,
			);
			sourceTree = "<group>";
		};
		EAE35E361C65878100A25958 /* Products */ = {
			isa = PBXGroup;
			children = (
				EAE35E351C65878100A25958 /* ModalViewSample.app */,
			);
			name = Products;
			sourceTree = "<group>";
		};
		EAE35E371C65878100A25958 /* ModalViewSample */ = {
			isa = PBXGroup;
			children = (
				EAE35E381C65878100A25958 /* AppDelegate.swift */,
				EAE35E3A1C65878100A25958 /* ViewController.swift */,
				EAE35E4A1C6587AD00A25958 /* ModalViewController.swift */,
				EAE35E3F1C65878100A25958 /* Assets.xcassets */,
				EAE35E411C65878100A25958 /* LaunchScreen.storyboard */,
				EAE35E441C65878100A25958 /* Info.plist */,
			);
			path = ModalViewSample;
			sourceTree = "<group>";
		};
/* End PBXGroup section */

/* Begin PBXNativeTarget section */
		EAE35E341C65878100A25958 /* ModalViewSample */ = {
			isa = PBXNativeTarget;
			buildConfigurationList = EAE35E471C65878100A25958 /* Build configuration list for PBXNativeTarget "ModalViewSample" */;
			buildPhases = (
				EAE35E311C65878100A25958 /* Sources */,
				EAE35E321C65878100A25958 /* Frameworks */,
				EAE35E331C65878100A25958 /* Resources */,
			);
			buildRules = (
			);
			dependencies = (
			);
			name = ModalViewSample;
			productName = ModalViewSample;
			productReference = EAE35E351C65878100A25958 /* ModalViewSample.app */;
			productType = "com.apple.product-type.application";
		};
/* End PBXNativeTarget section */

/* Begin PBXProject section */
		EAE35E2D1C65878100A25958 /* Project object */ = {
			isa = PBXProject;
			attributes = {
				LastSwiftUpdateCheck = 0720;
				LastUpgradeCheck = 0720;
				ORGANIZATIONNAME = tony;
				TargetAttributes = {
					EAE35E341C65878100A25958 = {
						CreatedOnToolsVersion = 7.2;
					};
				};
			};
			buildConfigurationList = EAE35E301C65878100A25958 /* Build configuration list for PBXProject "ModalViewSample" */;
			compatibilityVersion = "Xcode 3.2";
			developmentRegion = English;
			hasScannedForEncodings = 0;
			knownRegions = (
				en,
				Base,
			);
			mainGroup = EAE35E2C1C65878100A25958;
			productRefGroup = EAE35E361C65878100A25958 /* Products */;
			projectDirPath = "";
			projectRoot = "";
			targets = (
				EAE35E341C65878100A25958 /* ModalViewSample */,
			);
		};
/* End PBXProject section */

/* Begin PBXResourcesBuildPhase section */
		EAE35E331C65878100A25958 /* Resources */ = {
			isa = PBXResourcesBuildPhase;
			buildActionMask = 2147483647;
			files = (
				EAE35E431C65878100A25958 /* LaunchScreen.storyboard in Resources */,
				EAE35E401C65878100A25958 /* Assets.xcassets in Resources */,
			);
			runOnlyForDeploymentPostprocessing = 0;
		};
/* End PBXResourcesBuildPhase section */

/* Begin PBXSourcesBuildPhase section */
		EAE35E311C65878100A25958 /* Sources */ = {
			isa = PBXSourcesBuildPhase;
			buildActionMask = 2147483647;
			files = (
				EAE35E3B1C65878100A25958 /* ViewController.swift in Sources */,
				EAE35E4B1C6587AD00A25958 /* ModalViewController.swift in Sources */,
				EAE35E391C65878100A25958 /* AppDelegate.swift in Sources */,
			);
			runOnlyForDeploymentPostprocessing = 0;
		};
/* End PBXSourcesBuildPhase section */

/* Begin PBXVariantGroup section */
		EAE35E411C65878100A25958 /* LaunchScreen.storyboard */ = {
			isa = PBXVariantGroup;
			children = (
				EAE35E421C65878100A25958 /* Base */,
			);
			name = LaunchScreen.storyboard;
			sourceTree = "<group>";
		};
/* End PBXVariantGroup section */

/* Begin XCBuildConfiguration section */
		EAE35E451C65878100A25958 /* Debug */ = {
			isa = XCBuildConfiguration;
			buildSettings = {
				ALWAYS_SEARCH_USER_PATHS = NO;
				CLANG_CXX_LANGUAGE_STANDARD = "gnu++0x";
				CLANG_CXX_LIBRARY = "libc++";
				CLANG_ENABLE_MODULES = YES;
				CLANG_ENABLE_OBJC_ARC = YES;
				CLANG_WARN_BOOL_CONVERSION = YES;
				CLANG_WARN_CONSTANT_CONVERSION = YES;
				CLANG_WARN_DIRECT_OBJC_ISA_USAGE = YES_ERROR;
				CLANG_WARN_EMPTY_BODY = YES;
				CLANG_WARN_ENUM_CONVERSION = YES;
				CLANG_WARN_INT_CONVERSION = YES;
				CLANG_WARN_OBJC_ROOT_CLASS = YES_ERROR;
				CLANG_WARN_UNREACHABLE_CODE = YES;
				CLANG_WARN__DUPLICATE_METHOD_MATCH = YES;
				"CODE_SIGN_IDENTITY[sdk=iphoneos*]" = "iPhone Developer";
				COPY_PHASE_STRIP = NO;
				DEBUG_INFORMATION_FORMAT = dwarf;
				ENABLE_STRICT_OBJC_MSGSEND = YES;
				ENABLE_TESTABILITY = YES;
				GCC_C_LANGUAGE_STANDARD = gnu99;
				GCC_DYNAMIC_NO_PIC = NO;
				GCC_NO_COMMON_BLOCKS = YES;
				GCC_OPTIMIZATION_LEVEL = 0;
				GCC_PREPROCESSOR_DEFINITIONS = (
					"DEBUG=1",
					"$(inherited)",
				);
				GCC_WARN_64_TO_32_BIT_CONVERSION = YES;
				GCC_WARN_ABOUT_RETURN_TYPE = YES_ERROR;
				GCC_WARN_UNDECLARED_SELECTOR = YES;
				GCC_WARN_UNINITIALIZED_AUTOS = YES_AGGRESSIVE;
				GCC_WARN_UNUSED_FUNCTION = YES;
				GCC_WARN_UNUSED_VARIABLE = YES;
				IPHONEOS_DEPLOYMENT_TARGET = 9.2;
				MTL_ENABLE_DEBUG_INFO = YES;
				ONLY_ACTIVE_ARCH = YES;
				SDKROOT = iphoneos;
				SWIFT_OPTIMIZATION_LEVEL = "-Onone";
				TARGETED_DEVICE_FAMILY = 2;
			};
			name = Debug;
		};
		EAE35E461C65878100A25958 /* Release */ = {
			isa = XCBuildConfiguration;
			buildSettings = {
				ALWAYS_SEARCH_USER_PATHS = NO;
				CLANG_CXX_LANGUAGE_STANDARD = "gnu++0x";
				CLANG_CXX_LIBRARY = "libc++";
				CLANG_ENABLE_MODULES = YES;
				CLANG_ENABLE_OBJC_ARC = YES;
				CLANG_WARN_BOOL_CONVERSION = YES;
				CLANG_WARN_CONSTANT_CONVERSION = YES;
				CLANG_WARN_DIRECT_OBJC_ISA_USAGE = YES_ERROR;
				CLANG_WARN_EMPTY_BODY = YES;
				CLANG_WARN_ENUM_CONVERSION = YES;
				CLANG_WARN_INT_CONVERSION = YES;
				CLANG_WARN_OBJC_ROOT_CLASS = YES_ERROR;
				CLANG_WARN_UNREACHABLE_CODE = YES;
				CLANG_WARN__DUPLICATE_METHOD_MATCH = YES;
				"CODE_SIGN_IDENTITY[sdk=iphoneos*]" = "iPhone Developer";
				COPY_PHASE_STRIP = NO;
				DEBUG_INFORMATION_FORMAT = "dwarf-with-dsym";
				ENABLE_NS_ASSERTIONS = NO;
				ENABLE_STRICT_OBJC_MSGSEND = YES;
				GCC_C_LANGUAGE_STANDARD = gnu99;
				GCC_NO_COMMON_BLOCKS = YES;
				GCC_WARN_64_TO_32_BIT_CONVERSION = YES;
				GCC_WARN_ABOUT_RETURN_TYPE = YES_ERROR;
				GCC_WARN_UNDECLARED_SELECTOR = YES;
				GCC_WARN_UNINITIALIZED_AUTOS = YES_AGGRESSIVE;
				GCC_WARN_UNUSED_FUNCTION = YES;
				GCC_WARN_UNUSED_VARIABLE = YES;
				IPHONEOS_DEPLOYMENT_TARGET = 9.2;
				MTL_ENABLE_DEBUG_INFO = NO;
				SDKROOT = iphoneos;
				TARGETED_DEVICE_FAMILY = 2;
				VALIDATE_PRODUCT = YES;
			};
			name = Release;
		};
		EAE35E481C65878100A25958 /* Debug */ = {
			isa = XCBuildConfiguration;
			buildSettings = {
				ASSETCATALOG_COMPILER_APPICON_NAME = AppIcon;
				INFOPLIST_FILE = ModalViewSample/Info.plist;
				LD_RUNPATH_SEARCH_PATHS = "$(inherited) @executable_path/Frameworks";
				PRODUCT_BUNDLE_IDENTIFIER = com.51work6.ModalViewSample;
				PRODUCT_NAME = "$(TARGET_NAME)";
			};
			name = Debug;
		};
		EAE35E491C65878100A25958 /* Release */ = {
			isa = XCBuildConfiguration;
			buildSettings = {
				ASSETCATALOG_COMPILER_APPICON_NAME = AppIcon;
				INFOPLIST_FILE = ModalViewSample/Info.plist;
				LD_RUNPATH_SEARCH_PATHS = "$(inherited) @executable_path/Frameworks";
				PRODUCT_BUNDLE_IDENTIFIER = com.51work6.ModalViewSample;
				PRODUCT_NAME = "$(TARGET_NAME)";
			};
			name = Release;
		};
/* End XCBuildConfiguration section */

/* Begin XCConfigurationList section */
		EAE35E301C65878100A25958 /* Build configuration list for PBXProject "ModalViewSample" */ = {
			isa = XCConfigurationList;
			buildConfigurations = (
				EAE35E451C65878100A25958 /* Debug */,
				EAE35E461C65878100A25958 /* Release */,
			);
			defaultConfigurationIsVisible = 0;
			defaultConfigurationName = Release;
		};
		EAE35E471C65878100A25958 /* Build configuration list for PBXNativeTarget "ModalViewSample" */ = {
			isa = XCConfigurationList;
			buildConfigurations = (
				EAE35E481C65878100A25958 /* Debug */,
				EAE35E491C65878100A25958 /* Release */,
			);
			defaultConfigurationIsVisible = 0;
			defaultConfigurationName = Release;
		};
/* End XCConfigurationList section */
	};
	rootObject = EAE35E2D1C65878100A25958 /* Project object */;
}
