// !$*UTF8*$!
{
	archiveVersion = 1;
	classes = {
	};
	objectVersion = 46;
	objects = {

/* Begin PBXBuildFile section */
		EA67C8FE1C633386009ED224 /* AppDelegate.swift in Sources */ = {isa = PBXBuildFile; fileRef = EA67C8FD1C633386009ED224 /* AppDelegate.swift */; };
		EA67C9001C633386009ED224 /* MasterViewController.swift in Sources */ = {isa = PBXBuildFile; fileRef = EA67C8FF1C633386009ED224 /* MasterViewController.swift */; };
		EA67C9021C633386009ED224 /* DetailViewController.swift in Sources */ = {isa = PBXBuildFile; fileRef = EA67C9011C633386009ED224 /* DetailViewController.swift */; };
		EA67C9071C633386009ED224 /* Assets.xcassets in Resources */ = {isa = PBXBuildFile; fileRef = EA67C9061C633386009ED224 /* Assets.xcassets */; };
		EA67C90A1C633386009ED224 /* LaunchScreen.storyboard in Resources */ = {isa = PBXBuildFile; fileRef = EA67C9081C633386009ED224 /* LaunchScreen.storyboard */; };
		EA67C9131C6333A2009ED224 /* YellowViewController.swift in Sources */ = {isa = PBXBuildFile; fileRef = EA67C9111C6333A2009ED224 /* YellowViewController.swift */; };
		EA67C9141C6333A2009ED224 /* BlueViewController.swift in Sources */ = {isa = PBXBuildFile; fileRef = EA67C9121C6333A2009ED224 /* BlueViewController.swift */; };
/* End PBXBuildFile section */

/* Begin PBXFileReference section */
		EA67C8FA1C633386009ED224 /* SplitViewSample.app */ = {isa = PBXFileReference; explicitFileType = wrapper.application; includeInIndex = 0; path = SplitViewSample.app; sourceTree = BUILT_PRODUCTS_DIR; };
		EA67C8FD1C633386009ED224 /* AppDelegate.swift */ = {isa = PBXFileReference; lastKnownFileType = sourcecode.swift; path = AppDelegate.swift; sourceTree = "<group>"; };
		EA67C8FF1C633386009ED224 /* MasterViewController.swift */ = {isa = PBXFileReference; lastKnownFileType = sourcecode.swift; path = MasterViewController.swift; sourceTree = "<group>"; };
		EA67C9011C633386009ED224 /* DetailViewController.swift */ = {isa = PBXFileReference; lastKnownFileType = sourcecode.swift; path = DetailViewController.swift; sourceTree = "<group>"; };
		EA67C9061C633386009ED224 /* Assets.xcassets */ = {isa = PBXFileReference; lastKnownFileType = folder.assetcatalog; path = Assets.xcassets; sourceTree = "<group>"; };
		EA67C9091C633386009ED224 /* Base */ = {isa = PBXFileReference; lastKnownFileType = file.storyboard; name = Base; path = Base.lproj/LaunchScreen.storyboard; sourceTree = "<group>"; };
		EA67C90B1C633386009ED224 /* Info.plist */ = {isa = PBXFileReference; lastKnownFileType = text.plist.xml; path = Info.plist; sourceTree = "<group>"; };
		EA67C9111C6333A2009ED224 /* YellowViewController.swift */ = {isa = PBXFileReference; fileEncoding = 4; lastKnownFileType = sourcecode.swift; path = YellowViewController.swift; sourceTree = "<group>"; };
		EA67C9121C6333A2009ED224 /* BlueViewController.swift */ = {isa = PBXFileReference; fileEncoding = 4; lastKnownFileType = sourcecode.swift; path = BlueViewController.swift; sourceTree = "<group>"; };
/* End PBXFileReference section */

/* Begin PBXFrameworksBuildPhase section */
		EA67C8F71C633386009ED224 /* Frameworks */ = {
			isa = PBXFrameworksBuildPhase;
			buildActionMask = 2147483647;
			files = (
			);
			runOnlyForDeploymentPostprocessing = 0;
		};
/* End PBXFrameworksBuildPhase section */

/* Begin PBXGroup section */
		EA67C8F11C633386009ED224 = {
			isa = PBXGroup;
			children = (
				EA67C8FC1C633386009ED224 /* SplitViewSample */,
				EA67C8FB1C633386009ED224 /* Products */,
			);
			sourceTree = "<group>";
		};
		EA67C8FB1C633386009ED224 /* Products */ = {
			isa = PBXGroup;
			children = (
				EA67C8FA1C633386009ED224 /* SplitViewSample.app */,
			);
			name = Products;
			sourceTree = "<group>";
		};
		EA67C8FC1C633386009ED224 /* SplitViewSample */ = {
			isa = PBXGroup;
			children = (
				EA67C8FD1C633386009ED224 /* AppDelegate.swift */,
				EA67C8FF1C633386009ED224 /* MasterViewController.swift */,
				EA67C9011C633386009ED224 /* DetailViewController.swift */,
				EA67C9111C6333A2009ED224 /* YellowViewController.swift */,
				EA67C9121C6333A2009ED224 /* BlueViewController.swift */,
				EA67C9061C633386009ED224 /* Assets.xcassets */,
				EA67C9081C633386009ED224 /* LaunchScreen.storyboard */,
				EA67C90B1C633386009ED224 /* Info.plist */,
			);
			path = SplitViewSample;
			sourceTree = "<group>";
		};
/* End PBXGroup section */

/* Begin PBXNativeTarget section */
		EA67C8F91C633386009ED224 /* SplitViewSample */ = {
			isa = PBXNativeTarget;
			buildConfigurationList = EA67C90E1C633386009ED224 /* Build configuration list for PBXNativeTarget "SplitViewSample" */;
			buildPhases = (
				EA67C8F61C633386009ED224 /* Sources */,
				EA67C8F71C633386009ED224 /* Frameworks */,
				EA67C8F81C633386009ED224 /* Resources */,
			);
			buildRules = (
			);
			dependencies = (
			);
			name = SplitViewSample;
			productName = SplitViewSample;
			productReference = EA67C8FA1C633386009ED224 /* SplitViewSample.app */;
			productType = "com.apple.product-type.application";
		};
/* End PBXNativeTarget section */

/* Begin PBXProject section */
		EA67C8F21C633386009ED224 /* Project object */ = {
			isa = PBXProject;
			attributes = {
				LastSwiftUpdateCheck = 0720;
				LastUpgradeCheck = 0720;
				ORGANIZATIONNAME = tony;
				TargetAttributes = {
					EA67C8F91C633386009ED224 = {
						CreatedOnToolsVersion = 7.2;
					};
				};
			};
			buildConfigurationList = EA67C8F51C633386009ED224 /* Build configuration list for PBXProject "SplitViewSample" */;
			compatibilityVersion = "Xcode 3.2";
			developmentRegion = English;
			hasScannedForEncodings = 0;
			knownRegions = (
				en,
				Base,
			);
			mainGroup = EA67C8F11C633386009ED224;
			productRefGroup = EA67C8FB1C633386009ED224 /* Products */;
			projectDirPath = "";
			projectRoot = "";
			targets = (
				EA67C8F91C633386009ED224 /* SplitViewSample */,
			);
		};
/* End PBXProject section */

/* Begin PBXResourcesBuildPhase section */
		EA67C8F81C633386009ED224 /* Resources */ = {
			isa = PBXResourcesBuildPhase;
			buildActionMask = 2147483647;
			files = (
				EA67C90A1C633386009ED224 /* LaunchScreen.storyboard in Resources */,
				EA67C9071C633386009ED224 /* Assets.xcassets in Resources */,
			);
			runOnlyForDeploymentPostprocessing = 0;
		};
/* End PBXResourcesBuildPhase section */

/* Begin PBXSourcesBuildPhase section */
		EA67C8F61C633386009ED224 /* Sources */ = {
			isa = PBXSourcesBuildPhase;
			buildActionMask = 2147483647;
			files = (
				EA67C9131C6333A2009ED224 /* YellowViewController.swift in Sources */,
				EA67C9021C633386009ED224 /* DetailViewController.swift in Sources */,
				EA67C9001C633386009ED224 /* MasterViewController.swift in Sources */,
				EA67C9141C6333A2009ED224 /* BlueViewController.swift in Sources */,
				EA67C8FE1C633386009ED224 /* AppDelegate.swift in Sources */,
			);
			runOnlyForDeploymentPostprocessing = 0;
		};
/* End PBXSourcesBuildPhase section */

/* Begin PBXVariantGroup section */
		EA67C9081C633386009ED224 /* LaunchScreen.storyboard */ = {
			isa = PBXVariantGroup;
			children = (
				EA67C9091C633386009ED224 /* Base */,
			);
			name = LaunchScreen.storyboard;
			sourceTree = "<group>";
		};
/* End PBXVariantGroup section */

/* Begin XCBuildConfiguration section */
		EA67C90C1C633386009ED224 /* Debug */ = {
			isa = XCBuildConfiguration;
			buildSettings = {
				ALWAYS_SEARCH_USER_PATHS = NO;
				CLANG_CXX_LANGUAGE_STANDARD = "gnu++0x";
				CLANG_CXX_LIBRARY = "libc++";
				CLANG_ENABLE_MODULES = YES;
				CLANG_ENABLE_OBJC_ARC = YES;
				CLANG_WARN_BOOL_CONVERSION = YES;
				CLANG_WARN_CONSTANT_CONVERSION = YES;
				CLANG_WARN_DIRECT_OBJC_ISA_USAGE = YES_ERROR;
				CLANG_WARN_EMPTY_BODY = YES;
				CLANG_WARN_ENUM_CONVERSION = YES;
				CLANG_WARN_INT_CONVERSION = YES;
				CLANG_WARN_OBJC_ROOT_CLASS = YES_ERROR;
				CLANG_WARN_UNREACHABLE_CODE = YES;
				CLANG_WARN__DUPLICATE_METHOD_MATCH = YES;
				"CODE_SIGN_IDENTITY[sdk=iphoneos*]" = "iPhone Developer";
				COPY_PHASE_STRIP = NO;
				DEBUG_INFORMATION_FORMAT = dwarf;
				ENABLE_STRICT_OBJC_MSGSEND = YES;
				ENABLE_TESTABILITY = YES;
				GCC_C_LANGUAGE_STANDARD = gnu99;
				GCC_DYNAMIC_NO_PIC = NO;
				GCC_NO_COMMON_BLOCKS = YES;
				GCC_OPTIMIZATION_LEVEL = 0;
				GCC_PREPROCESSOR_DEFINITIONS = (
					"DEBUG=1",
					"$(inherited)",
				);
				GCC_WARN_64_TO_32_BIT_CONVERSION = YES;
				GCC_WARN_ABOUT_RETURN_TYPE = YES_ERROR;
				GCC_WARN_UNDECLARED_SELECTOR = YES;
				GCC_WARN_UNINITIALIZED_AUTOS = YES_AGGRESSIVE;
				GCC_WARN_UNUSED_FUNCTION = YES;
				GCC_WARN_UNUSED_VARIABLE = YES;
				IPHONEOS_DEPLOYMENT_TARGET = 9.2;
				MTL_ENABLE_DEBUG_INFO = YES;
				ONLY_ACTIVE_ARCH = YES;
				SDKROOT = iphoneos;
				SWIFT_OPTIMIZATION_LEVEL = "-Onone";
				TARGETED_DEVICE_FAMILY = "1,2";
			};
			name = Debug;
		};
		EA67C90D1C633386009ED224 /* Release */ = {
			isa = XCBuildConfiguration;
			buildSettings = {
				ALWAYS_SEARCH_USER_PATHS = NO;
				CLANG_CXX_LANGUAGE_STANDARD = "gnu++0x";
				CLANG_CXX_LIBRARY = "libc++";
				CLANG_ENABLE_MODULES = YES;
				CLANG_ENABLE_OBJC_ARC = YES;
				CLANG_WARN_BOOL_CONVERSION = YES;
				CLANG_WARN_CONSTANT_CONVERSION = YES;
				CLANG_WARN_DIRECT_OBJC_ISA_USAGE = YES_ERROR;
				CLANG_WARN_EMPTY_BODY = YES;
				CLANG_WARN_ENUM_CONVERSION = YES;
				CLANG_WARN_INT_CONVERSION = YES;
				CLANG_WARN_OBJC_ROOT_CLASS = YES_ERROR;
				CLANG_WARN_UNREACHABLE_CODE = YES;
				CLANG_WARN__DUPLICATE_METHOD_MATCH = YES;
				"CODE_SIGN_IDENTITY[sdk=iphoneos*]" = "iPhone Developer";
				COPY_PHASE_STRIP = NO;
				DEBUG_INFORMATION_FORMAT = "dwarf-with-dsym";
				ENABLE_NS_ASSERTIONS = NO;
				ENABLE_STRICT_OBJC_MSGSEND = YES;
				GCC_C_LANGUAGE_STANDARD = gnu99;
				GCC_NO_COMMON_BLOCKS = YES;
				GCC_WARN_64_TO_32_BIT_CONVERSION = YES;
				GCC_WARN_ABOUT_RETURN_TYPE = YES_ERROR;
				GCC_WARN_UNDECLARED_SELECTOR = YES;
				GCC_WARN_UNINITIALIZED_AUTOS = YES_AGGRESSIVE;
				GCC_WARN_UNUSED_FUNCTION = YES;
				GCC_WARN_UNUSED_VARIABLE = YES;
				IPHONEOS_DEPLOYMENT_TARGET = 9.2;
				MTL_ENABLE_DEBUG_INFO = NO;
				SDKROOT = iphoneos;
				TARGETED_DEVICE_FAMILY = "1,2";
				VALIDATE_PRODUCT = YES;
			};
			name = Release;
		};
		EA67C90F1C633386009ED224 /* Debug */ = {
			isa = XCBuildConfiguration;
			buildSettings = {
				ASSETCATALOG_COMPILER_APPICON_NAME = AppIcon;
				INFOPLIST_FILE = SplitViewSample/Info.plist;
				LD_RUNPATH_SEARCH_PATHS = "$(inherited) @executable_path/Frameworks";
				PRODUCT_BUNDLE_IDENTIFIER = com.51work6.SplitViewSample;
				PRODUCT_NAME = "$(TARGET_NAME)";
			};
			name = Debug;
		};
		EA67C9101C633386009ED224 /* Release */ = {
			isa = XCBuildConfiguration;
			buildSettings = {
				ASSETCATALOG_COMPILER_APPICON_NAME = AppIcon;
				INFOPLIST_FILE = SplitViewSample/Info.plist;
				LD_RUNPATH_SEARCH_PATHS = "$(inherited) @executable_path/Frameworks";
				PRODUCT_BUNDLE_IDENTIFIER = com.51work6.SplitViewSample;
				PRODUCT_NAME = "$(TARGET_NAME)";
			};
			name = Release;
		};
/* End XCBuildConfiguration section */

/* Begin XCConfigurationList section */
		EA67C8F51C633386009ED224 /* Build configuration list for PBXProject "SplitViewSample" */ = {
			isa = XCConfigurationList;
			buildConfigurations = (
				EA67C90C1C633386009ED224 /* Debug */,
				EA67C90D1C633386009ED224 /* Release */,
			);
			defaultConfigurationIsVisible = 0;
			defaultConfigurationName = Release;
		};
		EA67C90E1C633386009ED224 /* Build configuration list for PBXNativeTarget "SplitViewSample" */ = {
			isa = XCConfigurationList;
			buildConfigurations = (
				EA67C90F1C633386009ED224 /* Debug */,
				EA67C9101C633386009ED224 /* Release */,
			);
			defaultConfigurationIsVisible = 0;
			defaultConfigurationName = Release;
		};
/* End XCConfigurationList section */
	};
	rootObject = EA67C8F21C633386009ED224 /* Project object */;
}
