// !$*UTF8*$!
{
	archiveVersion = 1;
	classes = {
	};
	objectVersion = 46;
	objects = {

/* Begin PBXBuildFile section */
		EA6398D11C48D24000D2FDAA /* AppDelegate.swift in Sources */ = {isa = PBXBuildFile; fileRef = EA6398D01C48D24000D2FDAA /* AppDelegate.swift */; };
		EA6398D31C48D24000D2FDAA /* ViewController.swift in Sources */ = {isa = PBXBuildFile; fileRef = EA6398D21C48D24000D2FDAA /* ViewController.swift */; };
		EA6398D61C48D24000D2FDAA /* Main.storyboard in Resources */ = {isa = PBXBuildFile; fileRef = EA6398D41C48D24000D2FDAA /* Main.storyboard */; };
		EA6398D81C48D24000D2FDAA /* Assets.xcassets in Resources */ = {isa = PBXBuildFile; fileRef = EA6398D71C48D24000D2FDAA /* Assets.xcassets */; };
		EA6398DB1C48D24000D2FDAA /* LaunchScreen.storyboard in Resources */ = {isa = PBXBuildFile; fileRef = EA6398D91C48D24000D2FDAA /* LaunchScreen.storyboard */; };
		EA6398E31C48D34200D2FDAA /* test.gpx in Resources */ = {isa = PBXBuildFile; fileRef = EA6398E21C48D34200D2FDAA /* test.gpx */; };
/* End PBXBuildFile section */

/* Begin PBXFileReference section */
		EA6398CD1C48D24000D2FDAA /* ReverseGeocode.app */ = {isa = PBXFileReference; explicitFileType = wrapper.application; includeInIndex = 0; path = ReverseGeocode.app; sourceTree = BUILT_PRODUCTS_DIR; };
		EA6398D01C48D24000D2FDAA /* AppDelegate.swift */ = {isa = PBXFileReference; lastKnownFileType = sourcecode.swift; path = AppDelegate.swift; sourceTree = "<group>"; };
		EA6398D21C48D24000D2FDAA /* ViewController.swift */ = {isa = PBXFileReference; lastKnownFileType = sourcecode.swift; path = ViewController.swift; sourceTree = "<group>"; };
		EA6398D51C48D24000D2FDAA /* Base */ = {isa = PBXFileReference; lastKnownFileType = file.storyboard; name = Base; path = Base.lproj/Main.storyboard; sourceTree = "<group>"; };
		EA6398D71C48D24000D2FDAA /* Assets.xcassets */ = {isa = PBXFileReference; lastKnownFileType = folder.assetcatalog; path = Assets.xcassets; sourceTree = "<group>"; };
		EA6398DA1C48D24000D2FDAA /* Base */ = {isa = PBXFileReference; lastKnownFileType = file.storyboard; name = Base; path = Base.lproj/LaunchScreen.storyboard; sourceTree = "<group>"; };
		EA6398DC1C48D24000D2FDAA /* Info.plist */ = {isa = PBXFileReference; lastKnownFileType = text.plist.xml; path = Info.plist; sourceTree = "<group>"; };
		EA6398E21C48D34200D2FDAA /* test.gpx */ = {isa = PBXFileReference; fileEncoding = 4; lastKnownFileType = text.xml; path = test.gpx; sourceTree = "<group>"; };
/* End PBXFileReference section */

/* Begin PBXFrameworksBuildPhase section */
		EA6398CA1C48D24000D2FDAA /* Frameworks */ = {
			isa = PBXFrameworksBuildPhase;
			buildActionMask = 2147483647;
			files = (
			);
			runOnlyForDeploymentPostprocessing = 0;
		};
/* End PBXFrameworksBuildPhase section */

/* Begin PBXGroup section */
		EA6398C41C48D24000D2FDAA = {
			isa = PBXGroup;
			children = (
				EA6398E21C48D34200D2FDAA /* test.gpx */,
				EA6398CF1C48D24000D2FDAA /* ReverseGeocode */,
				EA6398CE1C48D24000D2FDAA /* Products */,
			);
			sourceTree = "<group>";
		};
		EA6398CE1C48D24000D2FDAA /* Products */ = {
			isa = PBXGroup;
			children = (
				EA6398CD1C48D24000D2FDAA /* ReverseGeocode.app */,
			);
			name = Products;
			sourceTree = "<group>";
		};
		EA6398CF1C48D24000D2FDAA /* ReverseGeocode */ = {
			isa = PBXGroup;
			children = (
				EA6398D01C48D24000D2FDAA /* AppDelegate.swift */,
				EA6398D21C48D24000D2FDAA /* ViewController.swift */,
				EA6398D41C48D24000D2FDAA /* Main.storyboard */,
				EA6398D71C48D24000D2FDAA /* Assets.xcassets */,
				EA6398D91C48D24000D2FDAA /* LaunchScreen.storyboard */,
				EA6398DC1C48D24000D2FDAA /* Info.plist */,
			);
			path = ReverseGeocode;
			sourceTree = "<group>";
		};
/* End PBXGroup section */

/* Begin PBXNativeTarget section */
		EA6398CC1C48D24000D2FDAA /* ReverseGeocode */ = {
			isa = PBXNativeTarget;
			buildConfigurationList = EA6398DF1C48D24000D2FDAA /* Build configuration list for PBXNativeTarget "ReverseGeocode" */;
			buildPhases = (
				EA6398C91C48D24000D2FDAA /* Sources */,
				EA6398CA1C48D24000D2FDAA /* Frameworks */,
				EA6398CB1C48D24000D2FDAA /* Resources */,
			);
			buildRules = (
			);
			dependencies = (
			);
			name = ReverseGeocode;
			productName = ReverseGeocode;
			productReference = EA6398CD1C48D24000D2FDAA /* ReverseGeocode.app */;
			productType = "com.apple.product-type.application";
		};
/* End PBXNativeTarget section */

/* Begin PBXProject section */
		EA6398C51C48D24000D2FDAA /* Project object */ = {
			isa = PBXProject;
			attributes = {
				LastSwiftUpdateCheck = 0720;
				LastUpgradeCheck = 0720;
				ORGANIZATIONNAME = tony;
				TargetAttributes = {
					EA6398CC1C48D24000D2FDAA = {
						CreatedOnToolsVersion = 7.2;
					};
				};
			};
			buildConfigurationList = EA6398C81C48D24000D2FDAA /* Build configuration list for PBXProject "ReverseGeocode" */;
			compatibilityVersion = "Xcode 3.2";
			developmentRegion = English;
			hasScannedForEncodings = 0;
			knownRegions = (
				en,
				Base,
			);
			mainGroup = EA6398C41C48D24000D2FDAA;
			productRefGroup = EA6398CE1C48D24000D2FDAA /* Products */;
			projectDirPath = "";
			projectRoot = "";
			targets = (
				EA6398CC1C48D24000D2FDAA /* ReverseGeocode */,
			);
		};
/* End PBXProject section */

/* Begin PBXResourcesBuildPhase section */
		EA6398CB1C48D24000D2FDAA /* Resources */ = {
			isa = PBXResourcesBuildPhase;
			buildActionMask = 2147483647;
			files = (
				EA6398DB1C48D24000D2FDAA /* LaunchScreen.storyboard in Resources */,
				EA6398E31C48D34200D2FDAA /* test.gpx in Resources */,
				EA6398D81C48D24000D2FDAA /* Assets.xcassets in Resources */,
				EA6398D61C48D24000D2FDAA /* Main.storyboard in Resources */,
			);
			runOnlyForDeploymentPostprocessing = 0;
		};
/* End PBXResourcesBuildPhase section */

/* Begin PBXSourcesBuildPhase section */
		EA6398C91C48D24000D2FDAA /* Sources */ = {
			isa = PBXSourcesBuildPhase;
			buildActionMask = 2147483647;
			files = (
				EA6398D31C48D24000D2FDAA /* ViewController.swift in Sources */,
				EA6398D11C48D24000D2FDAA /* AppDelegate.swift in Sources */,
			);
			runOnlyForDeploymentPostprocessing = 0;
		};
/* End PBXSourcesBuildPhase section */

/* Begin PBXVariantGroup section */
		EA6398D41C48D24000D2FDAA /* Main.storyboard */ = {
			isa = PBXVariantGroup;
			children = (
				EA6398D51C48D24000D2FDAA /* Base */,
			);
			name = Main.storyboard;
			sourceTree = "<group>";
		};
		EA6398D91C48D24000D2FDAA /* LaunchScreen.storyboard */ = {
			isa = PBXVariantGroup;
			children = (
				EA6398DA1C48D24000D2FDAA /* Base */,
			);
			name = LaunchScreen.storyboard;
			sourceTree = "<group>";
		};
/* End PBXVariantGroup section */

/* Begin XCBuildConfiguration section */
		EA6398DD1C48D24000D2FDAA /* Debug */ = {
			isa = XCBuildConfiguration;
			buildSettings = {
				ALWAYS_SEARCH_USER_PATHS = NO;
				CLANG_CXX_LANGUAGE_STANDARD = "gnu++0x";
				CLANG_CXX_LIBRARY = "libc++";
				CLANG_ENABLE_MODULES = YES;
				CLANG_ENABLE_OBJC_ARC = YES;
				CLANG_WARN_BOOL_CONVERSION = YES;
				CLANG_WARN_CONSTANT_CONVERSION = YES;
				CLANG_WARN_DIRECT_OBJC_ISA_USAGE = YES_ERROR;
				CLANG_WARN_EMPTY_BODY = YES;
				CLANG_WARN_ENUM_CONVERSION = YES;
				CLANG_WARN_INT_CONVERSION = YES;
				CLANG_WARN_OBJC_ROOT_CLASS = YES_ERROR;
				CLANG_WARN_UNREACHABLE_CODE = YES;
				CLANG_WARN__DUPLICATE_METHOD_MATCH = YES;
				"CODE_SIGN_IDENTITY[sdk=iphoneos*]" = "iPhone Developer";
				COPY_PHASE_STRIP = NO;
				DEBUG_INFORMATION_FORMAT = dwarf;
				ENABLE_STRICT_OBJC_MSGSEND = YES;
				ENABLE_TESTABILITY = YES;
				GCC_C_LANGUAGE_STANDARD = gnu99;
				GCC_DYNAMIC_NO_PIC = NO;
				GCC_NO_COMMON_BLOCKS = YES;
				GCC_OPTIMIZATION_LEVEL = 0;
				GCC_PREPROCESSOR_DEFINITIONS = (
					"DEBUG=1",
					"$(inherited)",
				);
				GCC_WARN_64_TO_32_BIT_CONVERSION = YES;
				GCC_WARN_ABOUT_RETURN_TYPE = YES_ERROR;
				GCC_WARN_UNDECLARED_SELECTOR = YES;
				GCC_WARN_UNINITIALIZED_AUTOS = YES_AGGRESSIVE;
				GCC_WARN_UNUSED_FUNCTION = YES;
				GCC_WARN_UNUSED_VARIABLE = YES;
				IPHONEOS_DEPLOYMENT_TARGET = 9.2;
				MTL_ENABLE_DEBUG_INFO = YES;
				ONLY_ACTIVE_ARCH = YES;
				SDKROOT = iphoneos;
				SWIFT_OPTIMIZATION_LEVEL = "-Onone";
			};
			name = Debug;
		};
		EA6398DE1C48D24000D2FDAA /* Release */ = {
			isa = XCBuildConfiguration;
			buildSettings = {
				ALWAYS_SEARCH_USER_PATHS = NO;
				CLANG_CXX_LANGUAGE_STANDARD = "gnu++0x";
				CLANG_CXX_LIBRARY = "libc++";
				CLANG_ENABLE_MODULES = YES;
				CLANG_ENABLE_OBJC_ARC = YES;
				CLANG_WARN_BOOL_CONVERSION = YES;
				CLANG_WARN_CONSTANT_CONVERSION = YES;
				CLANG_WARN_DIRECT_OBJC_ISA_USAGE = YES_ERROR;
				CLANG_WARN_EMPTY_BODY = YES;
				CLANG_WARN_ENUM_CONVERSION = YES;
				CLANG_WARN_INT_CONVERSION = YES;
				CLANG_WARN_OBJC_ROOT_CLASS = YES_ERROR;
				CLANG_WARN_UNREACHABLE_CODE = YES;
				CLANG_WARN__DUPLICATE_METHOD_MATCH = YES;
				"CODE_SIGN_IDENTITY[sdk=iphoneos*]" = "iPhone Developer";
				COPY_PHASE_STRIP = NO;
				DEBUG_INFORMATION_FORMAT = "dwarf-with-dsym";
				ENABLE_NS_ASSERTIONS = NO;
				ENABLE_STRICT_OBJC_MSGSEND = YES;
				GCC_C_LANGUAGE_STANDARD = gnu99;
				GCC_NO_COMMON_BLOCKS = YES;
				GCC_WARN_64_TO_32_BIT_CONVERSION = YES;
				GCC_WARN_ABOUT_RETURN_TYPE = YES_ERROR;
				GCC_WARN_UNDECLARED_SELECTOR = YES;
				GCC_WARN_UNINITIALIZED_AUTOS = YES_AGGRESSIVE;
				GCC_WARN_UNUSED_FUNCTION = YES;
				GCC_WARN_UNUSED_VARIABLE = YES;
				IPHONEOS_DEPLOYMENT_TARGET = 9.2;
				MTL_ENABLE_DEBUG_INFO = NO;
				SDKROOT = iphoneos;
				VALIDATE_PRODUCT = YES;
			};
			name = Release;
		};
		EA6398E01C48D24000D2FDAA /* Debug */ = {
			isa = XCBuildConfiguration;
			buildSettings = {
				ASSETCATALOG_COMPILER_APPICON_NAME = AppIcon;
				INFOPLIST_FILE = ReverseGeocode/Info.plist;
				LD_RUNPATH_SEARCH_PATHS = "$(inherited) @executable_path/Frameworks";
				PRODUCT_BUNDLE_IDENTIFIER = com.51work6.ReverseGeocode;
				PRODUCT_NAME = "$(TARGET_NAME)";
			};
			name = Debug;
		};
		EA6398E11C48D24000D2FDAA /* Release */ = {
			isa = XCBuildConfiguration;
			buildSettings = {
				ASSETCATALOG_COMPILER_APPICON_NAME = AppIcon;
				INFOPLIST_FILE = ReverseGeocode/Info.plist;
				LD_RUNPATH_SEARCH_PATHS = "$(inherited) @executable_path/Frameworks";
				PRODUCT_BUNDLE_IDENTIFIER = com.51work6.ReverseGeocode;
				PRODUCT_NAME = "$(TARGET_NAME)";
			};
			name = Release;
		};
/* End XCBuildConfiguration section */

/* Begin XCConfigurationList section */
		EA6398C81C48D24000D2FDAA /* Build configuration list for PBXProject "ReverseGeocode" */ = {
			isa = XCConfigurationList;
			buildConfigurations = (
				EA6398DD1C48D24000D2FDAA /* Debug */,
				EA6398DE1C48D24000D2FDAA /* Release */,
			);
			defaultConfigurationIsVisible = 0;
			defaultConfigurationName = Release;
		};
		EA6398DF1C48D24000D2FDAA /* Build configuration list for PBXNativeTarget "ReverseGeocode" */ = {
			isa = XCConfigurationList;
			buildConfigurations = (
				EA6398E01C48D24000D2FDAA /* Debug */,
				EA6398E11C48D24000D2FDAA /* Release */,
			);
			defaultConfigurationIsVisible = 0;
		};
/* End XCConfigurationList section */
	};
	rootObject = EA6398C51C48D24000D2FDAA /* Project object */;
}
