// !$*UTF8*$!
{
	archiveVersion = 1;
	classes = {
	};
	objectVersion = 46;
	objects = {

/* Begin PBXBuildFile section */
		4354CD001A184999008A94C1 /* main.m in Sources */ = {isa = PBXBuildFile; fileRef = 4354CCFF1A184999008A94C1 /* main.m */; };
		4354CD031A184999008A94C1 /* AppDelegate.m in Sources */ = {isa = PBXBuildFile; fileRef = 4354CD021A184999008A94C1 /* AppDelegate.m */; };
		4354CD061A184999008A94C1 /* ViewController.m in Sources */ = {isa = PBXBuildFile; fileRef = 4354CD051A184999008A94C1 /* ViewController.m */; };
		4354CD091A184999008A94C1 /* Main.storyboard in Resources */ = {isa = PBXBuildFile; fileRef = 4354CD071A184999008A94C1 /* Main.storyboard */; };
		4354CD0B1A184999008A94C1 /* Images.xcassets in Resources */ = {isa = PBXBuildFile; fileRef = 4354CD0A1A184999008A94C1 /* Images.xcassets */; };
		4354CD0E1A184999008A94C1 /* LaunchScreen.xib in Resources */ = {isa = PBXBuildFile; fileRef = 4354CD0C1A184999008A94C1 /* LaunchScreen.xib */; };
		4354CD271A1849D1008A94C1 /* 保罗克利-肖像.png in Resources */ = {isa = PBXBuildFile; fileRef = 4354CD241A1849D1008A94C1 /* 保罗克利-肖像.png */; };
		4354CD281A1849D1008A94C1 /* 罗丹-思想者.png in Resources */ = {isa = PBXBuildFile; fileRef = 4354CD251A1849D1008A94C1 /* 罗丹-思想者.png */; };
		4354CD291A1849D1008A94C1 /* 达芬奇-蒙娜丽莎.png in Resources */ = {isa = PBXBuildFile; fileRef = 4354CD261A1849D1008A94C1 /* 达芬奇-蒙娜丽莎.png */; };
/* End PBXBuildFile section */

/* Begin PBXFileReference section */
		4354CCFA1A184999008A94C1 /* PageControlNavigation.app */ = {isa = PBXFileReference; explicitFileType = wrapper.application; includeInIndex = 0; path = PageControlNavigation.app; sourceTree = BUILT_PRODUCTS_DIR; };
		4354CCFE1A184999008A94C1 /* Info.plist */ = {isa = PBXFileReference; lastKnownFileType = text.plist.xml; path = Info.plist; sourceTree = "<group>"; };
		4354CCFF1A184999008A94C1 /* main.m */ = {isa = PBXFileReference; lastKnownFileType = sourcecode.c.objc; path = main.m; sourceTree = "<group>"; };
		4354CD011A184999008A94C1 /* AppDelegate.h */ = {isa = PBXFileReference; lastKnownFileType = sourcecode.c.h; path = AppDelegate.h; sourceTree = "<group>"; };
		4354CD021A184999008A94C1 /* AppDelegate.m */ = {isa = PBXFileReference; lastKnownFileType = sourcecode.c.objc; path = AppDelegate.m; sourceTree = "<group>"; };
		4354CD041A184999008A94C1 /* ViewController.h */ = {isa = PBXFileReference; lastKnownFileType = sourcecode.c.h; path = ViewController.h; sourceTree = "<group>"; };
		4354CD051A184999008A94C1 /* ViewController.m */ = {isa = PBXFileReference; lastKnownFileType = sourcecode.c.objc; path = ViewController.m; sourceTree = "<group>"; };
		4354CD081A184999008A94C1 /* Base */ = {isa = PBXFileReference; lastKnownFileType = file.storyboard; name = Base; path = Base.lproj/Main.storyboard; sourceTree = "<group>"; };
		4354CD0A1A184999008A94C1 /* Images.xcassets */ = {isa = PBXFileReference; lastKnownFileType = folder.assetcatalog; path = Images.xcassets; sourceTree = "<group>"; };
		4354CD0D1A184999008A94C1 /* Base */ = {isa = PBXFileReference; lastKnownFileType = file.xib; name = Base; path = Base.lproj/LaunchScreen.xib; sourceTree = "<group>"; };
		4354CD241A1849D1008A94C1 /* 保罗克利-肖像.png */ = {isa = PBXFileReference; lastKnownFileType = image.png; path = "保罗克利-肖像.png"; sourceTree = "<group>"; };
		4354CD251A1849D1008A94C1 /* 罗丹-思想者.png */ = {isa = PBXFileReference; lastKnownFileType = image.png; path = "罗丹-思想者.png"; sourceTree = "<group>"; };
		4354CD261A1849D1008A94C1 /* 达芬奇-蒙娜丽莎.png */ = {isa = PBXFileReference; lastKnownFileType = image.png; path = "达芬奇-蒙娜丽莎.png"; sourceTree = "<group>"; };
/* End PBXFileReference section */

/* Begin PBXFrameworksBuildPhase section */
		4354CCF71A184999008A94C1 /* Frameworks */ = {
			isa = PBXFrameworksBuildPhase;
			buildActionMask = 2147483647;
			files = (
			);
			runOnlyForDeploymentPostprocessing = 0;
		};
/* End PBXFrameworksBuildPhase section */

/* Begin PBXGroup section */
		4354CCF11A184999008A94C1 = {
			isa = PBXGroup;
			children = (
				4354CCFC1A184999008A94C1 /* PageControlNavigation */,
				4354CCFB1A184999008A94C1 /* Products */,
			);
			sourceTree = "<group>";
		};
		4354CCFB1A184999008A94C1 /* Products */ = {
			isa = PBXGroup;
			children = (
				4354CCFA1A184999008A94C1 /* PageControlNavigation.app */,
			);
			name = Products;
			sourceTree = "<group>";
		};
		4354CCFC1A184999008A94C1 /* PageControlNavigation */ = {
			isa = PBXGroup;
			children = (
				4354CD231A1849D1008A94C1 /* images */,
				4354CD011A184999008A94C1 /* AppDelegate.h */,
				4354CD021A184999008A94C1 /* AppDelegate.m */,
				4354CD041A184999008A94C1 /* ViewController.h */,
				4354CD051A184999008A94C1 /* ViewController.m */,
				4354CD071A184999008A94C1 /* Main.storyboard */,
				4354CD0A1A184999008A94C1 /* Images.xcassets */,
				4354CD0C1A184999008A94C1 /* LaunchScreen.xib */,
				4354CCFD1A184999008A94C1 /* Supporting Files */,
			);
			path = PageControlNavigation;
			sourceTree = "<group>";
		};
		4354CCFD1A184999008A94C1 /* Supporting Files */ = {
			isa = PBXGroup;
			children = (
				4354CCFE1A184999008A94C1 /* Info.plist */,
				4354CCFF1A184999008A94C1 /* main.m */,
			);
			name = "Supporting Files";
			sourceTree = "<group>";
		};
		4354CD231A1849D1008A94C1 /* images */ = {
			isa = PBXGroup;
			children = (
				4354CD241A1849D1008A94C1 /* 保罗克利-肖像.png */,
				4354CD251A1849D1008A94C1 /* 罗丹-思想者.png */,
				4354CD261A1849D1008A94C1 /* 达芬奇-蒙娜丽莎.png */,
			);
			path = images;
			sourceTree = "<group>";
		};
/* End PBXGroup section */

/* Begin PBXNativeTarget section */
		4354CCF91A184999008A94C1 /* PageControlNavigation */ = {
			isa = PBXNativeTarget;
			buildConfigurationList = 4354CD1D1A18499A008A94C1 /* Build configuration list for PBXNativeTarget "PageControlNavigation" */;
			buildPhases = (
				4354CCF61A184999008A94C1 /* Sources */,
				4354CCF71A184999008A94C1 /* Frameworks */,
				4354CCF81A184999008A94C1 /* Resources */,
			);
			buildRules = (
			);
			dependencies = (
			);
			name = PageControlNavigation;
			productName = PageControlNavigation;
			productReference = 4354CCFA1A184999008A94C1 /* PageControlNavigation.app */;
			productType = "com.apple.product-type.application";
		};
/* End PBXNativeTarget section */

/* Begin PBXProject section */
		4354CCF21A184999008A94C1 /* Project object */ = {
			isa = PBXProject;
			attributes = {
				LastUpgradeCheck = 0720;
				ORGANIZATIONNAME = tonyguan;
				TargetAttributes = {
					4354CCF91A184999008A94C1 = {
						CreatedOnToolsVersion = 6.1;
					};
				};
			};
			buildConfigurationList = 4354CCF51A184999008A94C1 /* Build configuration list for PBXProject "PageControlNavigation" */;
			compatibilityVersion = "Xcode 3.2";
			developmentRegion = English;
			hasScannedForEncodings = 0;
			knownRegions = (
				en,
				Base,
			);
			mainGroup = 4354CCF11A184999008A94C1;
			productRefGroup = 4354CCFB1A184999008A94C1 /* Products */;
			projectDirPath = "";
			projectRoot = "";
			targets = (
				4354CCF91A184999008A94C1 /* PageControlNavigation */,
			);
		};
/* End PBXProject section */

/* Begin PBXResourcesBuildPhase section */
		4354CCF81A184999008A94C1 /* Resources */ = {
			isa = PBXResourcesBuildPhase;
			buildActionMask = 2147483647;
			files = (
				4354CD281A1849D1008A94C1 /* 罗丹-思想者.png in Resources */,
				4354CD271A1849D1008A94C1 /* 保罗克利-肖像.png in Resources */,
				4354CD091A184999008A94C1 /* Main.storyboard in Resources */,
				4354CD0E1A184999008A94C1 /* LaunchScreen.xib in Resources */,
				4354CD0B1A184999008A94C1 /* Images.xcassets in Resources */,
				4354CD291A1849D1008A94C1 /* 达芬奇-蒙娜丽莎.png in Resources */,
			);
			runOnlyForDeploymentPostprocessing = 0;
		};
/* End PBXResourcesBuildPhase section */

/* Begin PBXSourcesBuildPhase section */
		4354CCF61A184999008A94C1 /* Sources */ = {
			isa = PBXSourcesBuildPhase;
			buildActionMask = 2147483647;
			files = (
				4354CD061A184999008A94C1 /* ViewController.m in Sources */,
				4354CD031A184999008A94C1 /* AppDelegate.m in Sources */,
				4354CD001A184999008A94C1 /* main.m in Sources */,
			);
			runOnlyForDeploymentPostprocessing = 0;
		};
/* End PBXSourcesBuildPhase section */

/* Begin PBXVariantGroup section */
		4354CD071A184999008A94C1 /* Main.storyboard */ = {
			isa = PBXVariantGroup;
			children = (
				4354CD081A184999008A94C1 /* Base */,
			);
			name = Main.storyboard;
			sourceTree = "<group>";
		};
		4354CD0C1A184999008A94C1 /* LaunchScreen.xib */ = {
			isa = PBXVariantGroup;
			children = (
				4354CD0D1A184999008A94C1 /* Base */,
			);
			name = LaunchScreen.xib;
			sourceTree = "<group>";
		};
/* End PBXVariantGroup section */

/* Begin XCBuildConfiguration section */
		4354CD1B1A18499A008A94C1 /* Debug */ = {
			isa = XCBuildConfiguration;
			buildSettings = {
				ALWAYS_SEARCH_USER_PATHS = NO;
				CLANG_CXX_LANGUAGE_STANDARD = "gnu++0x";
				CLANG_CXX_LIBRARY = "libc++";
				CLANG_ENABLE_MODULES = YES;
				CLANG_ENABLE_OBJC_ARC = YES;
				CLANG_WARN_BOOL_CONVERSION = YES;
				CLANG_WARN_CONSTANT_CONVERSION = YES;
				CLANG_WARN_DIRECT_OBJC_ISA_USAGE = YES_ERROR;
				CLANG_WARN_EMPTY_BODY = YES;
				CLANG_WARN_ENUM_CONVERSION = YES;
				CLANG_WARN_INT_CONVERSION = YES;
				CLANG_WARN_OBJC_ROOT_CLASS = YES_ERROR;
				CLANG_WARN_UNREACHABLE_CODE = YES;
				CLANG_WARN__DUPLICATE_METHOD_MATCH = YES;
				"CODE_SIGN_IDENTITY[sdk=iphoneos*]" = "iPhone Developer";
				COPY_PHASE_STRIP = NO;
				ENABLE_STRICT_OBJC_MSGSEND = YES;
				ENABLE_TESTABILITY = YES;
				GCC_C_LANGUAGE_STANDARD = gnu99;
				GCC_DYNAMIC_NO_PIC = NO;
				GCC_OPTIMIZATION_LEVEL = 0;
				GCC_PREPROCESSOR_DEFINITIONS = (
					"DEBUG=1",
					"$(inherited)",
				);
				GCC_SYMBOLS_PRIVATE_EXTERN = NO;
				GCC_WARN_64_TO_32_BIT_CONVERSION = YES;
				GCC_WARN_ABOUT_RETURN_TYPE = YES_ERROR;
				GCC_WARN_UNDECLARED_SELECTOR = YES;
				GCC_WARN_UNINITIALIZED_AUTOS = YES_AGGRESSIVE;
				GCC_WARN_UNUSED_FUNCTION = YES;
				GCC_WARN_UNUSED_VARIABLE = YES;
				IPHONEOS_DEPLOYMENT_TARGET = 9.2;
				MTL_ENABLE_DEBUG_INFO = YES;
				ONLY_ACTIVE_ARCH = YES;
				SDKROOT = iphoneos;
			};
			name = Debug;
		};
		4354CD1C1A18499A008A94C1 /* Release */ = {
			isa = XCBuildConfiguration;
			buildSettings = {
				ALWAYS_SEARCH_USER_PATHS = NO;
				CLANG_CXX_LANGUAGE_STANDARD = "gnu++0x";
				CLANG_CXX_LIBRARY = "libc++";
				CLANG_ENABLE_MODULES = YES;
				CLANG_ENABLE_OBJC_ARC = YES;
				CLANG_WARN_BOOL_CONVERSION = YES;
				CLANG_WARN_CONSTANT_CONVERSION = YES;
				CLANG_WARN_DIRECT_OBJC_ISA_USAGE = YES_ERROR;
				CLANG_WARN_EMPTY_BODY = YES;
				CLANG_WARN_ENUM_CONVERSION = YES;
				CLANG_WARN_INT_CONVERSION = YES;
				CLANG_WARN_OBJC_ROOT_CLASS = YES_ERROR;
				CLANG_WARN_UNREACHABLE_CODE = YES;
				CLANG_WARN__DUPLICATE_METHOD_MATCH = YES;
				"CODE_SIGN_IDENTITY[sdk=iphoneos*]" = "iPhone Developer";
				COPY_PHASE_STRIP = YES;
				ENABLE_NS_ASSERTIONS = NO;
				ENABLE_STRICT_OBJC_MSGSEND = YES;
				GCC_C_LANGUAGE_STANDARD = gnu99;
				GCC_WARN_64_TO_32_BIT_CONVERSION = YES;
				GCC_WARN_ABOUT_RETURN_TYPE = YES_ERROR;
				GCC_WARN_UNDECLARED_SELECTOR = YES;
				GCC_WARN_UNINITIALIZED_AUTOS = YES_AGGRESSIVE;
				GCC_WARN_UNUSED_FUNCTION = YES;
				GCC_WARN_UNUSED_VARIABLE = YES;
				IPHONEOS_DEPLOYMENT_TARGET = 9.2;
				MTL_ENABLE_DEBUG_INFO = NO;
				SDKROOT = iphoneos;
				VALIDATE_PRODUCT = YES;
			};
			name = Release;
		};
		4354CD1E1A18499A008A94C1 /* Debug */ = {
			isa = XCBuildConfiguration;
			buildSettings = {
				ASSETCATALOG_COMPILER_APPICON_NAME = AppIcon;
				INFOPLIST_FILE = PageControlNavigation/Info.plist;
				LD_RUNPATH_SEARCH_PATHS = "$(inherited) @executable_path/Frameworks";
				PRODUCT_BUNDLE_IDENTIFIER = "com.51work6.$(PRODUCT_NAME:rfc1034identifier)";
				PRODUCT_NAME = "$(TARGET_NAME)";
			};
			name = Debug;
		};
		4354CD1F1A18499A008A94C1 /* Release */ = {
			isa = XCBuildConfiguration;
			buildSettings = {
				ASSETCATALOG_COMPILER_APPICON_NAME = AppIcon;
				INFOPLIST_FILE = PageControlNavigation/Info.plist;
				LD_RUNPATH_SEARCH_PATHS = "$(inherited) @executable_path/Frameworks";
				PRODUCT_BUNDLE_IDENTIFIER = "com.51work6.$(PRODUCT_NAME:rfc1034identifier)";
				PRODUCT_NAME = "$(TARGET_NAME)";
			};
			name = Release;
		};
/* End XCBuildConfiguration section */

/* Begin XCConfigurationList section */
		4354CCF51A184999008A94C1 /* Build configuration list for PBXProject "PageControlNavigation" */ = {
			isa = XCConfigurationList;
			buildConfigurations = (
				4354CD1B1A18499A008A94C1 /* Debug */,
				4354CD1C1A18499A008A94C1 /* Release */,
			);
			defaultConfigurationIsVisible = 0;
			defaultConfigurationName = Release;
		};
		4354CD1D1A18499A008A94C1 /* Build configuration list for PBXNativeTarget "PageControlNavigation" */ = {
			isa = XCConfigurationList;
			buildConfigurations = (
				4354CD1E1A18499A008A94C1 /* Debug */,
				4354CD1F1A18499A008A94C1 /* Release */,
			);
			defaultConfigurationIsVisible = 0;
			defaultConfigurationName = Release;
		};
/* End XCConfigurationList section */
	};
	rootObject = 4354CCF21A184999008A94C1 /* Project object */;
}
